# THIS IS AN AUTOGENERATED FILE. DO NOT EDIT THIS FILE DIRECTLY.
# yarn lockfile v1


align-text@^0.1.1, align-text@^0.1.3:
  version "0.1.4"
  resolved "https://registry.yarnpkg.com/align-text/-/align-text-0.1.4.tgz#0cd90a561093f35d0a99256c22b7069433fad117"
  dependencies:
    kind-of "^3.0.2"
    longest "^1.0.1"
    repeat-string "^1.5.2"

amdefine@>=0.0.4:
  version "1.0.1"
  resolved "https://registry.yarnpkg.com/amdefine/-/amdefine-1.0.1.tgz#4a5282ac164729e93619bcfd3ad151f817ce91f5"

ansi-regex@^2.0.0:
  version "2.1.1"
  resolved "https://registry.yarnpkg.com/ansi-regex/-/ansi-regex-2.1.1.tgz#c3b33ab5ee360d86e0e628f0468ae7ef27d654df"

ansi-styles@^2.2.1:
  version "2.2.1"
  resolved "https://registry.yarnpkg.com/ansi-styles/-/ansi-styles-2.2.1.tgz#b432dd3358b634cf75e1e4664368240533c1ddbe"

arid@^0.23.0:
  version "0.23.0"
  resolved "https://registry.yarnpkg.com/arid/-/arid-0.23.0.tgz#dfb7813cabda206cc83ce663447daf3fe64f8f0c"
  dependencies:
    arkount "^0.5.0"
    babel-runtime "^6.23.0"
    doubt "^0.24.0"

arkount@^0.5.0:
  version "0.5.0"
  resolved "https://registry.yarnpkg.com/arkount/-/arkount-0.5.0.tgz#6dd1b49295d60d5b651f1605a7c1589978a92167"
  dependencies:
    babel-runtime "^6.23.0"
    doubt "^0.24.0"
    raze "^0.25.0"
    truly "^0.17.0"
    wichevr "^0.7.0"

asea@^0.13.0:
  version "0.13.0"
  resolved "https://registry.yarnpkg.com/asea/-/asea-0.13.0.tgz#80ae9421fe5614432c2324a7850ea13184242277"
  dependencies:
    babel-runtime "^6.23.0"
    harden "^0.21.0"

async@2.6.0:
  version "2.6.0"
  resolved "https://registry.yarnpkg.com/async/-/async-2.6.0.tgz#61a29abb6fcc026fea77e56d1c6ec53a795951f4"
  dependencies:
    lodash "^4.14.0"

async@^1.4.0:
  version "1.5.2"
  resolved "https://registry.yarnpkg.com/async/-/async-1.5.2.tgz#ec6a61ae56480c0c3cb241c95618e20892f9672a"

ate@^0.15.0:
  version "0.15.0"
  resolved "https://registry.yarnpkg.com/ate/-/ate-0.15.0.tgz#8e2f2846542b6f10995f95838f01fa02be01433a"
  dependencies:
    babel-runtime "^6.23.0"
    falzy "^0.17.0"
    protype "^0.21.0"
    zelf "^0.11.0"

babel-runtime@^6.23.0:
  version "6.23.0"
  resolved "https://registry.yarnpkg.com/babel-runtime/-/babel-runtime-6.23.0.tgz#0a9489f144de70efb3ce4300accdb329e2fc543b"
  dependencies:
    core-js "^2.4.0"
    regenerator-runtime "^0.10.0"

blacksea@^0.11.0:
  version "0.11.0"
  resolved "https://registry.yarnpkg.com/blacksea/-/blacksea-0.11.0.tgz#d9a648c8cd2267b0d4df756ce528bb2678fa15bd"
  dependencies:
    clazof "^0.19.0"
    exorcise "^0.11.0"
    falzy "^0.17.0"
    harden "^0.21.0"
    protype "^0.21.0"
    snapd "^0.18.0"

bluebird@3.5.0:
  version "3.5.0"
  resolved "https://registry.yarnpkg.com/bluebird/-/bluebird-3.5.0.tgz#791420d7f551eea2897453a8a77653f96606d67c"

bluesea@^0.5.0:
  version "0.5.0"
  resolved "https://registry.yarnpkg.com/bluesea/-/bluesea-0.5.0.tgz#f4beb7ebcfeb283b896572062b5df89e778b79d7"
  dependencies:
    clazof "^0.19.0"
    exorcise "^0.11.0"
    falzy "^0.17.0"
    harden "^0.21.0"
    protype "^0.21.0"
    snapd "^0.18.0"

browser-fingerprint@0.0.1:
  version "0.0.1"
  resolved "https://registry.yarnpkg.com/browser-fingerprint/-/browser-fingerprint-0.0.1.tgz#8df3cdca25bf7d5b3542d61545d730053fce604a"

bson@~1.0.4:
  version "1.0.4"
  resolved "https://registry.yarnpkg.com/bson/-/bson-1.0.4.tgz#93c10d39eaa5b58415cbc4052f3e53e562b0b72c"

budge@^0.19.0:
  version "0.19.0"
  resolved "https://registry.yarnpkg.com/budge/-/budge-0.19.0.tgz#dfe18a33d16fd65d404368a3a4b6c3eb1df269ab"
  dependencies:
    arkount "^0.5.0"
    babel-runtime "^6.23.0"
    depher "^0.23.0"
    doubt "^0.24.0"
    raze "^0.25.0"

buffer-shims@~1.0.0:
  version "1.0.0"
  resolved "https://registry.yarnpkg.com/buffer-shims/-/buffer-shims-1.0.0.tgz#9978ce317388c649ad8793028c3477ef044a8b51"

calcify@^0.7.0:
  version "0.7.0"
  resolved "https://registry.yarnpkg.com/calcify/-/calcify-0.7.0.tgz#61f2db15410c8d230e3f31d30cbd7248f0ca3a34"
  dependencies:
    babel-runtime "^6.23.0"
    circular-json "^0.3.1"
    parseon "^0.6.0"

called@^0.18.0:
  version "0.18.0"
  resolved "https://registry.yarnpkg.com/called/-/called-0.18.0.tgz#e89936c9adf26eca787f2a4323d92ae3bcd40a4e"
  dependencies:
    babel-runtime "^6.23.0"
    dephall "^0.21.0"
    harden "^0.21.0"
    kloak "^0.12.0"
    raze "^0.25.0"
    wichevr "^0.7.0"
    zelf "^0.11.0"

camelcase@^1.0.2:
  version "1.2.1"
  resolved "https://registry.yarnpkg.com/camelcase/-/camelcase-1.2.1.tgz#9bb5304d2e0b56698b2c758b08a3eaa9daa58a39"

cemento@^0.15.0:
  version "0.15.0"
  resolved "https://registry.yarnpkg.com/cemento/-/cemento-0.15.0.tgz#77fe5818c3c67975d47f974df052bea9739ff5a5"
  dependencies:
    babel-runtime "^6.23.0"
    harden "^0.21.0"
    kount "^0.10.0"

center-align@^0.1.1:
  version "0.1.3"
  resolved "https://registry.yarnpkg.com/center-align/-/center-align-0.1.3.tgz#aa0d32629b6ee972200411cbd4461c907bc2b7ad"
  dependencies:
    align-text "^0.1.3"
    lazy-cache "^1.0.3"

chalk@^1.1.3:
  version "1.1.3"
  resolved "https://registry.yarnpkg.com/chalk/-/chalk-1.1.3.tgz#a8115c55e4a702fe4d150abd3872822a7e09fc98"
  dependencies:
    ansi-styles "^2.2.1"
    escape-string-regexp "^1.0.2"
    has-ansi "^2.0.0"
    strip-ansi "^3.0.0"
    supports-color "^2.0.0"

circular-json@^0.3.1:
  version "0.3.1"
  resolved "https://registry.yarnpkg.com/circular-json/-/circular-json-0.3.1.tgz#be8b36aefccde8b3ca7aa2d6afc07a37242c0d2d"

clazof@^0.19.0:
  version "0.19.0"
  resolved "https://registry.yarnpkg.com/clazof/-/clazof-0.19.0.tgz#fc50ac156ec8a8f7ec60d08cde2bfbf9c98fd486"
  dependencies:
    babel-runtime "^6.23.0"
    falzy "^0.17.0"
    portel "^0.3.0"
    protype "^0.21.0"
    raze "^0.25.0"
    stringe "^0.2.0"
    wauker "^0.7.0"

cliui@^2.1.0:
  version "2.1.0"
  resolved "https://registry.yarnpkg.com/cliui/-/cliui-2.1.0.tgz#4b475760ff80264c762c3a1719032e91c7fea0d1"
  dependencies:
    center-align "^0.1.1"
    right-align "^0.1.1"
    wordwrap "0.0.2"

cobralize@^0.12.0:
  version "0.12.0"
  resolved "https://registry.yarnpkg.com/cobralize/-/cobralize-0.12.0.tgz#056318f761f7aae9b92b8f7088fbe5ebab89749c"
  dependencies:
    babel-runtime "^6.23.0"
    disdo "^0.12.0"
    falzy "^0.17.0"
    protype "^0.21.0"

core-js@^1.1.1:
  version "1.2.7"
  resolved "https://registry.yarnpkg.com/core-js/-/core-js-1.2.7.tgz#652294c14651db28fa93bd2d5ff2983a4f08c636"

core-js@^2.4.0:
  version "2.4.1"
  resolved "https://registry.yarnpkg.com/core-js/-/core-js-2.4.1.tgz#4de911e667b0eae9124e34254b53aea6fc618d3e"

core-util-is@~1.0.0:
  version "1.0.2"
  resolved "https://registry.yarnpkg.com/core-util-is/-/core-util-is-1.0.2.tgz#b5fd54220aa2bc5ab57aab7140c940754503c1a7"

cuid@^1.3.8:
  version "1.3.8"
  resolved "https://registry.yarnpkg.com/cuid/-/cuid-1.3.8.tgz#4b875e0969bad764f7ec0706cf44f5fb0831f6b7"
  dependencies:
    browser-fingerprint "0.0.1"
    core-js "^1.1.1"
    node-fingerprint "0.0.2"

debug@2.6.9:
  version "2.6.9"
  resolved "https://registry.yarnpkg.com/debug/-/debug-2.6.9.tgz#5d128515df134ff327e90a4c93f4e077a536341f"
  dependencies:
    ms "2.0.0"

decamelize@^1.0.0:
  version "1.2.0"
  resolved "https://registry.yarnpkg.com/decamelize/-/decamelize-1.2.0.tgz#f6534d15148269b20352e7bee26f501f9a191290"

decrease@^0.20.0:
  version "0.20.0"
  resolved "https://registry.yarnpkg.com/decrease/-/decrease-0.20.0.tgz#50a4be565d3971bf20b24c764f6cfa61038af117"
  dependencies:
    arkount "^0.5.0"
    babel-runtime "^6.23.0"
    doubt "^0.24.0"
    falzy "^0.17.0"
    protype "^0.21.0"
    raze "^0.25.0"
    truly "^0.17.0"

dephall@^0.21.0:
  version "0.21.0"
  resolved "https://registry.yarnpkg.com/dephall/-/dephall-0.21.0.tgz#0628d5fba27366fe3f97cd06f4582cc88ec533f8"
  dependencies:
    arid "^0.23.0"
    babel-runtime "^6.23.0"
    doubt "^0.24.0"
    falze "^0.20.0"
    harden "^0.21.0"
    plough "^0.22.0"
    pyck "^0.20.0"
    raze "^0.25.0"
    truly "^0.17.0"
    zelf "^0.11.0"

depher@^0.23.0:
  version "0.23.0"
  resolved "https://registry.yarnpkg.com/depher/-/depher-0.23.0.tgz#c4916629cef512ac716e324b42bf72d4880576df"
  dependencies:
    babel-runtime "^6.23.0"
    dephall "^0.21.0"
    doubt "^0.24.0"
    falze "^0.20.0"
    harden "^0.21.0"
    raze "^0.25.0"
    zelf "^0.11.0"

dexist@^0.9.0:
  version "0.9.0"
  resolved "https://registry.yarnpkg.com/dexist/-/dexist-0.9.0.tgz#8d574c8855d8b949a5db473a8e70240f60afa52d"
  dependencies:
    called "^0.18.0"
    falzy "^0.17.0"
    numric "^0.12.0"
    pedon "^0.11.0"
    protype "^0.21.0"
    snapd "^0.18.0"
    zelf "^0.11.0"

diatom@^0.18.0:
  version "0.18.0"
  resolved "https://registry.yarnpkg.com/diatom/-/diatom-0.18.0.tgz#af25ef373206f5d84778063eccce4e635a44e355"
  dependencies:
    arid "^0.23.0"
    babel-runtime "^6.23.0"
    budge "^0.19.0"
    falzy "^0.17.0"
    harden "^0.21.0"
    komento "^0.20.0"
    llamalize "^0.12.0"
    protype "^0.21.0"

disdo@^0.12.0:
  version "0.12.0"
  resolved "https://registry.yarnpkg.com/disdo/-/disdo-0.12.0.tgz#f8c2c44255125ad4e614139fd888465c15ed80eb"
  dependencies:
    babel-runtime "^6.23.0"
    falzy "^0.17.0"
    protype "^0.21.0"

doubt@^0.24.0:
  version "0.24.0"
  resolved "https://registry.yarnpkg.com/doubt/-/doubt-0.24.0.tgz#6bdcf6d1b6a9b16ae74d77ebba86edd023c2deeb"
  dependencies:
    babel-runtime "^6.23.0"
    cemento "^0.15.0"
    circular-json "^0.3.1"
    falzy "^0.17.0"
    harden "^0.21.0"
    khount "^0.0.0"
    protype "^0.21.0"
    stringe "^0.2.0"

een@^0.13.0:
  version "0.13.0"
  resolved "https://registry.yarnpkg.com/een/-/een-0.13.0.tgz#93b1b7db3973c2c544591e35c611923e83375347"
  dependencies:
    babel-runtime "^6.23.0"
    doubt "^0.24.0"
    kein "^0.16.0"
    protype "^0.21.0"
    stringe "^0.2.0"
    truly "^0.17.0"

empt@^0.20.0:
  version "0.20.0"
  resolved "https://registry.yarnpkg.com/empt/-/empt-0.20.0.tgz#cb943382259d232086a5fe5810be15df2a9bada5"
  dependencies:
    babel-runtime "^6.23.0"
    doubt "^0.24.0"
    kount "^0.10.0"
    protype "^0.21.0"

es6-promise@3.2.1:
  version "3.2.1"
  resolved "https://registry.yarnpkg.com/es6-promise/-/es6-promise-3.2.1.tgz#ec56233868032909207170c39448e24449dd1fc4"

escape-string-regexp@^1.0.2:
  version "1.0.5"
  resolved "https://registry.yarnpkg.com/escape-string-regexp/-/escape-string-regexp-1.0.5.tgz#1b61c0562190a8dff6ae3bb2cf0200ca130b86d4"

ethernity@^0.15.0:
  version "0.15.0"
  resolved "https://registry.yarnpkg.com/ethernity/-/ethernity-0.15.0.tgz#eab1caecb720966abbc80f3772c111132bd52533"
  dependencies:
    babel-runtime "^6.23.0"
    clazof "^0.19.0"
    depher "^0.23.0"
    diatom "^0.18.0"
    doubt "^0.24.0"
    falze "^0.20.0"
    falzy "^0.17.0"
    harden "^0.21.0"
    moment "^2.18.1"
    optfor "^0.19.0"
    protype "^0.21.0"
    raze "^0.25.0"
    stringe "^0.2.0"
    truly "^0.17.0"
    u200b "^0.19.0"

exorcise@^0.11.0:
  version "0.11.0"
  resolved "https://registry.yarnpkg.com/exorcise/-/exorcise-0.11.0.tgz#dea22a9a24e407e7f1987a3c3f61ae5c55775b28"
  dependencies:
    called "^0.18.0"
    falzy "^0.17.0"
    protype "^0.21.0"
    zelf "^0.11.0"

falze@^0.20.0:
  version "0.20.0"
  resolved "https://registry.yarnpkg.com/falze/-/falze-0.20.0.tgz#49366885d03e22b68c59175ece0f13871e878bda"
  dependencies:
    arid "^0.23.0"
    babel-runtime "^6.23.0"
    doubt "^0.24.0"
    empt "^0.20.0"
    falzy "^0.17.0"
    protype "^0.21.0"

falzy@^0.17.0:
  version "0.17.0"
  resolved "https://registry.yarnpkg.com/falzy/-/falzy-0.17.0.tgz#228535d605ae8d1a0ccd44f185d7534636a166fe"
  dependencies:
    babel-runtime "^6.23.0"
    protype "^0.21.0"

filled@^0.19.0:
  version "0.19.0"
  resolved "https://registry.yarnpkg.com/filled/-/filled-0.19.0.tgz#8666ff90b37214ddbe6bce3bda0e77a678de1bf6"
  dependencies:
    arkount "^0.5.0"
    babel-runtime "^6.23.0"
    doubt "^0.24.0"

glucose@^0.17.0:
  version "0.17.0"
  resolved "https://registry.yarnpkg.com/glucose/-/glucose-0.17.0.tgz#d07a66bb4009e9bf033226b7a0a2d5394994efb4"
  dependencies:
    babel-runtime "^6.23.0"
    clazof "^0.19.0"
    diatom "^0.18.0"
    falze "^0.20.0"
    falzy "^0.17.0"
    harden "^0.21.0"
    kein "^0.16.0"
    proplist "^0.18.0"
    protype "^0.21.0"
    stuffed "^0.20.0"
    transpher "^0.15.0"
    truly "^0.17.0"
    wichevr "^0.7.0"
    wichis "^0.11.0"
    zelf "^0.11.0"

handlebars@^4.0.6:
  version "4.0.6"
  resolved "https://registry.yarnpkg.com/handlebars/-/handlebars-4.0.6.tgz#2ce4484850537f9c97a8026d5399b935c4ed4ed7"
  dependencies:
    async "^1.4.0"
    optimist "^0.6.1"
    source-map "^0.4.4"
  optionalDependencies:
    uglify-js "^2.6"

harden@^0.21.0:
  version "0.21.0"
  resolved "https://registry.yarnpkg.com/harden/-/harden-0.21.0.tgz#c3ca5e255e440fc5e6e996acb21515bb892bff49"
  dependencies:
    babel-runtime "^6.23.0"

has-ansi@^2.0.0:
  version "2.0.0"
  resolved "https://registry.yarnpkg.com/has-ansi/-/has-ansi-2.0.0.tgz#34f5049ce1ecdf2b0649af3ef24e45ed35416d91"
  dependencies:
    ansi-regex "^2.0.0"

heredito@^0.26.0:
  version "0.26.0"
  resolved "https://registry.yarnpkg.com/heredito/-/heredito-0.26.0.tgz#d89e0601232018d5580e1a15cf8397eeb7d351a6"
  dependencies:
    arkount "^0.5.0"
    ate "^0.15.0"
    babel-runtime "^6.23.0"
    protype "^0.21.0"
    raze "^0.25.0"

hooks-fixed@2.0.2:
  version "2.0.2"
  resolved "https://registry.yarnpkg.com/hooks-fixed/-/hooks-fixed-2.0.2.tgz#20076daa07e77d8a6106883ce3f1722e051140b0"

impel@^0.9.0:
  version "0.9.0"
  resolved "https://registry.yarnpkg.com/impel/-/impel-0.9.0.tgz#a3a458d1732a94d47a06438a608a182935f8981a"
  dependencies:
    asea "^0.13.0"
    babel-runtime "^6.23.0"
    falzy "^0.17.0"
    kein "^0.16.0"
    protype "^0.21.0"
    zelf "^0.11.0"

inherits@~2.0.1:
  version "2.0.3"
  resolved "https://registry.yarnpkg.com/inherits/-/inherits-2.0.3.tgz#633c2c83e3da42a502f52466022480f4208261de"

is-buffer@^1.0.2:
  version "1.1.5"
  resolved "https://registry.yarnpkg.com/is-buffer/-/is-buffer-1.1.5.tgz#1f3b26ef613b214b88cbca23cc6c01d87961eecc"

isarray@~1.0.0:
  version "1.0.0"
  resolved "https://registry.yarnpkg.com/isarray/-/isarray-1.0.0.tgz#bb935d48582cba168c06834957a54a3e07124f11"

kareem@1.5.0:
  version "1.5.0"
  resolved "https://registry.yarnpkg.com/kareem/-/kareem-1.5.0.tgz#e3e4101d9dcfde299769daf4b4db64d895d17448"

kein@^0.16.0:
  version "0.16.0"
  resolved "https://registry.yarnpkg.com/kein/-/kein-0.16.0.tgz#c2307990b655f395e2aba61022ef2078fa8b0cc8"
  dependencies:
    babel-runtime "^6.23.0"
    falzy "^0.17.0"
    portel "^0.3.0"
    protype "^0.21.0"
    zelf "^0.11.0"

khount@^0.0.0:
  version "0.0.0"
  resolved "https://registry.yarnpkg.com/khount/-/khount-0.0.0.tgz#7c7f369ae5d0ef5499dca14eeb168bb4b4b29e6d"
  dependencies:
    babel-runtime "^6.23.0"

kind-of@^3.0.2:
  version "3.1.0"
  resolved "https://registry.yarnpkg.com/kind-of/-/kind-of-3.1.0.tgz#475d698a5e49ff5e53d14e3e732429dc8bf4cf47"
  dependencies:
    is-buffer "^1.0.2"

kloak@^0.12.0:
  version "0.12.0"
  resolved "https://registry.yarnpkg.com/kloak/-/kloak-0.12.0.tgz#67d15a66eb5d5d8545bb07f660e117da94a916e0"
  dependencies:
    ate "^0.15.0"
    babel-runtime "^6.23.0"
    cobralize "^0.12.0"
    falzy "^0.17.0"
    harden "^0.21.0"
    kein "^0.16.0"
    protype "^0.21.0"
    transpher "^0.15.0"
    truly "^0.17.0"

komento@^0.20.0:
  version "0.20.0"
  resolved "https://registry.yarnpkg.com/komento/-/komento-0.20.0.tgz#dd94935bab96bdd99aacc2bd4cc736e45cb9b7b3"
  dependencies:
    babel-runtime "^6.23.0"
    depher "^0.23.0"
    falzy "^0.17.0"
    handlebars "^4.0.6"
    protype "^0.21.0"
    realign "^0.14.0"
    stringe "^0.2.0"
    stuffed "^0.20.0"
    truly "^0.17.0"
    wichevr "^0.7.0"

kount@^0.10.0:
  version "0.10.0"
  resolved "https://registry.yarnpkg.com/kount/-/kount-0.10.0.tgz#92f6dc18a5c8e8844e29a93aec268b58ad92f53b"
  dependencies:
    babel-runtime "^6.23.0"

krumb@^0.2.0:
  version "0.2.0"
  resolved "https://registry.yarnpkg.com/krumb/-/krumb-0.2.0.tgz#d562ebdcfc295aaf770151d11699bd82a8ae99d0"
  dependencies:
    babel-runtime "^6.23.0"

kurse@^0.10.0:
  version "0.10.0"
  resolved "https://registry.yarnpkg.com/kurse/-/kurse-0.10.0.tgz#8f502d26a184ae7a138a2e6d8707fd26d1e8c37c"
  dependencies:
    babel-runtime "^6.23.0"
    cuid "^1.3.8"
    een "^0.13.0"
    harden "^0.21.0"
    kein "^0.16.0"
    protype "^0.21.0"
    truly "^0.17.0"

lazy-cache@^1.0.3:
  version "1.0.4"
  resolved "https://registry.yarnpkg.com/lazy-cache/-/lazy-cache-1.0.4.tgz#a1d78fc3a50474cb80845d3b3b6e1da49a446e8e"

letgo@^0.23.0:
  version "0.23.0"
  resolved "https://registry.yarnpkg.com/letgo/-/letgo-0.23.0.tgz#60452bd2b0b1ba97cb89f013d8bfe9b8f91c676a"
  dependencies:
    arid "^0.23.0"
    babel-runtime "^6.23.0"
    budge "^0.19.0"
    called "^0.18.0"
    depher "^0.23.0"
    filled "^0.19.0"
    harden "^0.21.0"
    protype "^0.21.0"
    truly "^0.17.0"
    zelf "^0.11.0"

lilfy@^0.10.0:
  version "0.10.0"
  resolved "https://registry.yarnpkg.com/lilfy/-/lilfy-0.10.0.tgz#d2ea8ac144de80c0498fd017dc42d9aac7243294"
  dependencies:
    babel-runtime "^6.23.0"
    falzy "^0.17.0"
    harden "^0.21.0"
    lz-string "^1.4.4"
    protype "^0.21.0"
    sxty4 "^0.8.0"

llamalize@^0.12.0:
  version "0.12.0"
  resolved "https://registry.yarnpkg.com/llamalize/-/llamalize-0.12.0.tgz#b82c077019dae4c91b2ba71ca482cc5751d0a71b"
  dependencies:
    babel-runtime "^6.23.0"
    falzy "^0.17.0"
    harden "^0.21.0"
    protype "^0.21.0"
    titlelize "^0.13.0"

lodash.get@4.4.2:
  version "4.4.2"
  resolved "https://registry.yarnpkg.com/lodash.get/-/lodash.get-4.4.2.tgz#2d177f652fa31e939b4438d5341499dfa3825e99"

lodash@^4.14.0:
  version "4.17.4"
  resolved "https://registry.yarnpkg.com/lodash/-/lodash-4.17.4.tgz#78203a4d1c328ae1d86dca6460e369b57f4055ae"

longest@^1.0.1:
  version "1.0.1"
  resolved "https://registry.yarnpkg.com/longest/-/longest-1.0.1.tgz#30a0b2da38f73770e8294a0d22e6625ed77d0097"

longjohn@^0.2.12:
  version "0.2.12"
  resolved "https://registry.yarnpkg.com/longjohn/-/longjohn-0.2.12.tgz#7ca7446b083655c377e7512213dc754d52a64a7e"
  dependencies:
    source-map-support "0.3.2 - 1.0.0"

lz-string@^1.4.4:
  version "1.4.4"
  resolved "https://registry.yarnpkg.com/lz-string/-/lz-string-1.4.4.tgz#c0d8eaf36059f705796e1e344811cf4c498d3a26"

meek@^0.11.0:
  version "0.11.0"
  resolved "https://registry.yarnpkg.com/meek/-/meek-0.11.0.tgz#32726a98167ccc6cf5dc34d04672f8d59fb80b55"
  dependencies:
    asea "^0.13.0"
    babel-runtime "^6.23.0"
    called "^0.18.0"
    clazof "^0.19.0"
    harden "^0.21.0"
    offcache "^0.8.0"
    protype "^0.21.0"

meto@^0.17.0:
  version "0.17.0"
  resolved "https://registry.yarnpkg.com/meto/-/meto-0.17.0.tgz#ff79f59b13081f8a2a54e738e3ca324f92b079a2"
  dependencies:
    babel-runtime "^6.23.0"
    cemento "^0.15.0"
    diatom "^0.18.0"
    falzy "^0.17.0"
    kein "^0.16.0"
    protype "^0.21.0"
    wichevr "^0.7.0"
    zelf "^0.11.0"

minimist@~0.0.1:
  version "0.0.10"
  resolved "https://registry.yarnpkg.com/minimist/-/minimist-0.0.10.tgz#de3f98543dbf96082be48ad1a0c7cda836301dcf"

moment@^2.18.1:
  version "2.18.1"
  resolved "https://registry.yarnpkg.com/moment/-/moment-2.18.1.tgz#c36193dd3ce1c2eed2adb7c802dbbc77a81b1c0f"

mongodb-core@2.1.18:
  version "2.1.18"
  resolved "https://registry.yarnpkg.com/mongodb-core/-/mongodb-core-2.1.18.tgz#4c46139bdf3a1f032ded91db49f38eec01659050"
  dependencies:
    bson "~1.0.4"
    require_optional "~1.0.0"

mongodb@2.2.34, mongodb@^2.2.25:
  version "2.2.34"
  resolved "https://registry.yarnpkg.com/mongodb/-/mongodb-2.2.34.tgz#a34f59bbeb61754aec432de72c3fe21526a44c1a"
  dependencies:
    es6-promise "3.2.1"
    mongodb-core "2.1.18"
    readable-stream "2.2.7"

mongoose@^4.9.2:
  version "4.13.21"
  resolved "https://registry.yarnpkg.com/mongoose/-/mongoose-4.13.21.tgz#83f4a8461b19aca1b2274feaaaf262b71b6f034d"
  dependencies:
    async "2.6.0"
    bson "~1.0.4"
    hooks-fixed "2.0.2"
    kareem "1.5.0"
    lodash.get "4.4.2"
    mongodb "2.2.34"
    mpath "0.5.1"
    mpromise "0.5.5"
    mquery "2.3.3"
    ms "2.0.0"
    muri "1.3.0"
    regexp-clone "0.0.1"
    sliced "1.0.1"

mpath@0.5.1:
  version "0.5.1"
  resolved "https://registry.yarnpkg.com/mpath/-/mpath-0.5.1.tgz#17131501f1ff9e6e4fbc8ffa875aa7065b5775ab"

mpromise@0.5.5:
  version "0.5.5"
  resolved "https://registry.yarnpkg.com/mpromise/-/mpromise-0.5.5.tgz#f5b24259d763acc2257b0a0c8c6d866fd51732e6"

mquery@2.3.3:
  version "2.3.3"
  resolved "https://registry.yarnpkg.com/mquery/-/mquery-2.3.3.tgz#221412e5d4e7290ca5582dd16ea8f190a506b518"
  dependencies:
    bluebird "3.5.0"
    debug "2.6.9"
    regexp-clone "0.0.1"
    sliced "0.0.5"

ms@2.0.0:
  version "2.0.0"
  resolved "https://registry.yarnpkg.com/ms/-/ms-2.0.0.tgz#5608aeadfc00be6c2901df5f9861788de0d597c8"

muri@1.3.0:
  version "1.3.0"
  resolved "https://registry.yarnpkg.com/muri/-/muri-1.3.0.tgz#aeccf3db64c56aa7c5b34e00f95b7878527a4721"

node-fingerprint@0.0.2:
  version "0.0.2"
  resolved "https://registry.yarnpkg.com/node-fingerprint/-/node-fingerprint-0.0.2.tgz#31cbabeb71a67ae7dd5a7dc042e51c3c75868501"

numric@^0.12.0:
  version "0.12.0"
  resolved "https://registry.yarnpkg.com/numric/-/numric-0.12.0.tgz#d1957710c845976b702579bc17e37688df471c05"
  dependencies:
    babel-runtime "^6.23.0"
    protype "^0.21.0"
    stringe "^0.2.0"
    truly "^0.17.0"

offcache@^0.8.0:
  version "0.8.0"
  resolved "https://registry.yarnpkg.com/offcache/-/offcache-0.8.0.tgz#8bdbe9fe4c6d5aea7d38a73374fedd7c24c47f24"
  dependencies:
    clazof "^0.19.0"
    falze "^0.20.0"
    protype "^0.21.0"

olivant@^0.22.0:
  version "0.22.0"
  resolved "https://registry.yarnpkg.com/olivant/-/olivant-0.22.0.tgz#7d3df3c30ebba5a6a9d15dc555b29d3445da679e"
  dependencies:
    arid "^0.23.0"
    asea "^0.13.0"
    babel-runtime "^6.23.0"
    blacksea "^0.11.0"
    bluesea "^0.5.0"
    budge "^0.19.0"
    called "^0.18.0"
    chalk "^1.1.3"
    clazof "^0.19.0"
    dexist "^0.9.0"
    diatom "^0.18.0"
    doubt "^0.24.0"
    ethernity "^0.15.0"
    falze "^0.20.0"
    falzy "^0.17.0"
    filled "^0.19.0"
    glucose "^0.17.0"
    harden "^0.21.0"
    heredito "^0.26.0"
    kein "^0.16.0"
    longjohn "^0.2.12"
    meek "^0.11.0"
    outre "^0.16.0"
    plough "^0.22.0"
    protype "^0.21.0"
    raze "^0.25.0"
    redsea "^0.11.0"
    segway "^0.14.0"
    snapd "^0.18.0"
    stack-trace "^0.0.9"
    stringe "^0.2.0"
    symbiote "^0.14.0"
    truly "^0.17.0"
    truu "^0.23.0"
    u200b "^0.19.0"

optall@^0.14.0:
  version "0.14.0"
  resolved "https://registry.yarnpkg.com/optall/-/optall-0.14.0.tgz#f16b35741002234c7f44772b1d7ff5f673859de5"
  dependencies:
    babel-runtime "^6.23.0"
    doubt "^0.24.0"
    falze "^0.20.0"
    harden "^0.21.0"
    protype "^0.21.0"
    pyck "^0.20.0"
    zelf "^0.11.0"

optfor@^0.19.0:
  version "0.19.0"
  resolved "https://registry.yarnpkg.com/optfor/-/optfor-0.19.0.tgz#fdd4ce62c1024de1f6aa31a927a447fd30d8d953"
  dependencies:
    babel-runtime "^6.23.0"
    doubt "^0.24.0"
    falze "^0.20.0"
    harden "^0.21.0"
    optall "^0.14.0"
    protype "^0.21.0"
    zelf "^0.11.0"

optimist@^0.6.1:
  version "0.6.1"
  resolved "https://registry.yarnpkg.com/optimist/-/optimist-0.6.1.tgz#da3ea74686fa21a19a111c326e90eb15a0196686"
  dependencies:
    minimist "~0.0.1"
    wordwrap "~0.0.2"

outre@^0.16.0:
  version "0.16.0"
  resolved "https://registry.yarnpkg.com/outre/-/outre-0.16.0.tgz#ca0666315dec5c391d224e9ee85729e410bcd1dd"
  dependencies:
    babel-runtime "^6.23.0"
    doubt "^0.24.0"
    harden "^0.21.0"
    protype "^0.21.0"
    truly "^0.17.0"

parseon@^0.6.0:
  version "0.6.0"
  resolved "https://registry.yarnpkg.com/parseon/-/parseon-0.6.0.tgz#3ce2c22e7bdb87b8ca71a90974d4c2c4839039c2"
  dependencies:
    babel-runtime "^6.23.0"
    circular-json "^0.3.1"
    krumb "^0.2.0"
    protype "^0.21.0"

pedon@^0.11.0:
  version "0.11.0"
  resolved "https://registry.yarnpkg.com/pedon/-/pedon-0.11.0.tgz#5d317a77f0245b8e720cfeff5de5906578eb1978"
  dependencies:
    cobralize "^0.12.0"
    harden "^0.21.0"
    protype "^0.21.0"
    shardize "^0.13.0"

plough@^0.22.0:
  version "0.22.0"
  resolved "https://registry.yarnpkg.com/plough/-/plough-0.22.0.tgz#f4ef80c0c51e967081dcbf78c70a3770b2f2e7e1"
  dependencies:
    arid "^0.23.0"
    babel-runtime "^6.23.0"
    decrease "^0.20.0"
    doubt "^0.24.0"
    raze "^0.25.0"

portel@^0.3.0:
  version "0.3.0"
  resolved "https://registry.yarnpkg.com/portel/-/portel-0.3.0.tgz#532b5817ce5c1697fc65e34ca7eadb28c8e6152c"
  dependencies:
    babel-runtime "^6.23.0"
    protype "^0.21.0"

pringe@^0.8.0:
  version "0.8.0"
  resolved "https://registry.yarnpkg.com/pringe/-/pringe-0.8.0.tgz#b8446365c4a402e7af7a14e6faca6fb71aad8a39"
  dependencies:
    babel-runtime "^6.23.0"
    kurse "^0.10.0"
    plough "^0.22.0"
    stringe "^0.2.0"
    sxty4 "^0.8.0"
    truly "^0.17.0"
    zelf "^0.11.0"

process-nextick-args@~1.0.6:
  version "1.0.7"
  resolved "https://registry.yarnpkg.com/process-nextick-args/-/process-nextick-args-1.0.7.tgz#150e20b756590ad3f91093f25a4f2ad8bff30ba3"

proplist@^0.18.0:
  version "0.18.0"
  resolved "https://registry.yarnpkg.com/proplist/-/proplist-0.18.0.tgz#2381091666e5729d30490176631885f7065fa4cf"
  dependencies:
    babel-runtime "^6.23.0"
    clazof "^0.19.0"
    meto "^0.17.0"
    repram "^0.4.0"

protease@^0.15.0:
  version "0.15.0"
  resolved "https://registry.yarnpkg.com/protease/-/protease-0.15.0.tgz#f0a2522796b4a2e11c010226df2bc52051695624"
  dependencies:
    babel-runtime "^6.23.0"
    falzy "^0.17.0"
    harden "^0.21.0"
    kein "^0.16.0"
    protype "^0.21.0"

protype@^0.21.0:
  version "0.21.0"
  resolved "https://registry.yarnpkg.com/protype/-/protype-0.21.0.tgz#958452abbaa6daaa8e79386179b220477e2dca7c"
  dependencies:
    babel-runtime "^6.23.0"
    cemento "^0.15.0"
    harden "^0.21.0"

pyck@^0.20.0:
  version "0.20.0"
  resolved "https://registry.yarnpkg.com/pyck/-/pyck-0.20.0.tgz#a41b43ca66efd807a658316d1de3c50c814d62d4"
  dependencies:
    babel-runtime "^6.23.0"
    clazof "^0.19.0"
    doubt "^0.24.0"
    falzy "^0.17.0"
    harden "^0.21.0"
    protype "^0.21.0"
    raze "^0.25.0"
    truly "^0.17.0"
    zelf "^0.11.0"

raze@^0.25.0:
  version "0.25.0"
  resolved "https://registry.yarnpkg.com/raze/-/raze-0.25.0.tgz#75752b799cae83014e98aaf03d2913ce996b12c5"
  dependencies:
    babel-runtime "^6.23.0"
    doubt "^0.24.0"
    harden "^0.21.0"

readable-stream@2.2.7:
  version "2.2.7"
  resolved "https://registry.yarnpkg.com/readable-stream/-/readable-stream-2.2.7.tgz#07057acbe2467b22042d36f98c5ad507054e95b1"
  dependencies:
    buffer-shims "~1.0.0"
    core-util-is "~1.0.0"
    inherits "~2.0.1"
    isarray "~1.0.0"
    process-nextick-args "~1.0.6"
    string_decoder "~1.0.0"
    util-deprecate "~1.0.1"

realign@^0.14.0:
  version "0.14.0"
  resolved "https://registry.yarnpkg.com/realign/-/realign-0.14.0.tgz#ab1d45296dc26738ba67dc981458f48c00f860e8"
  dependencies:
    babel-runtime "^6.23.0"
    falzy "^0.17.0"
    protype "^0.21.0"
    truly "^0.17.0"
    wichevr "^0.7.0"

redsea@^0.11.0:
  version "0.11.0"
  resolved "https://registry.yarnpkg.com/redsea/-/redsea-0.11.0.tgz#d7108fef84b1a37b24277080f7fa0120246a8f3f"
  dependencies:
    clazof "^0.19.0"
    exorcise "^0.11.0"
    falzy "^0.17.0"
    harden "^0.21.0"
    protype "^0.21.0"
    snapd "^0.18.0"

regenerator-runtime@^0.10.0:
  version "0.10.3"
  resolved "https://registry.yarnpkg.com/regenerator-runtime/-/regenerator-runtime-0.10.3.tgz#8c4367a904b51ea62a908ac310bf99ff90a82a3e"

regexp-clone@0.0.1:
  version "0.0.1"
  resolved "https://registry.yarnpkg.com/regexp-clone/-/regexp-clone-0.0.1.tgz#a7c2e09891fdbf38fbb10d376fb73003e68ac589"

repeat-string@^1.5.2:
  version "1.6.1"
  resolved "https://registry.yarnpkg.com/repeat-string/-/repeat-string-1.6.1.tgz#8dcae470e1c88abc2d600fff4a776286da75e637"

repram@^0.4.0:
  version "0.4.0"
  resolved "https://registry.yarnpkg.com/repram/-/repram-0.4.0.tgz#af9de2545fc295c5d0668287b315360cb9d0814d"
  dependencies:
    babel-runtime "^6.23.0"
    budge "^0.19.0"
    falzy "^0.17.0"
    optall "^0.14.0"
    protype "^0.21.0"
    zelf "^0.11.0"

require_optional@~1.0.0:
  version "1.0.0"
  resolved "https://registry.yarnpkg.com/require_optional/-/require_optional-1.0.0.tgz#52a86137a849728eb60a55533617f8f914f59abf"
  dependencies:
    resolve-from "^2.0.0"
    semver "^5.1.0"

resolve-from@^2.0.0:
  version "2.0.0"
  resolved "https://registry.yarnpkg.com/resolve-from/-/resolve-from-2.0.0.tgz#9480ab20e94ffa1d9e80a804c7ea147611966b57"

right-align@^0.1.1:
  version "0.1.3"
  resolved "https://registry.yarnpkg.com/right-align/-/right-align-0.1.3.tgz#61339b722fe6a3515689210d24e14c96148613ef"
  dependencies:
    align-text "^0.1.1"

safe-buffer@~5.1.0:
  version "5.1.2"
  resolved "https://registry.yarnpkg.com/safe-buffer/-/safe-buffer-5.1.2.tgz#991ec69d296e0313747d59bdfd2b745c35f8828d"

segway@^0.14.0:
  version "0.14.0"
  resolved "https://registry.yarnpkg.com/segway/-/segway-0.14.0.tgz#2fde31384ac7d406d2991ffef3288e9629df02ce"
  dependencies:
    asea "^0.13.0"
    babel-runtime "^6.23.0"
    calcify "^0.7.0"
    clazof "^0.19.0"
    falze "^0.20.0"
    falzy "^0.17.0"
    lilfy "^0.10.0"
    protype "^0.21.0"
    truly "^0.17.0"
    truu "^0.23.0"

semver@^5.1.0:
  version "5.3.0"
  resolved "https://registry.yarnpkg.com/semver/-/semver-5.3.0.tgz#9b2ce5d3de02d17c6012ad326aa6b4d0cf54f94f"

shardize@^0.13.0:
  version "0.13.0"
  resolved "https://registry.yarnpkg.com/shardize/-/shardize-0.13.0.tgz#8972bf6e0787ccc76b190c4d14a2d8fc93f2274a"
  dependencies:
    babel-runtime "^6.23.0"
    disdo "^0.12.0"
    falzy "^0.17.0"
    protype "^0.21.0"

sliced@0.0.5:
  version "0.0.5"
  resolved "https://registry.yarnpkg.com/sliced/-/sliced-0.0.5.tgz#5edc044ca4eb6f7816d50ba2fc63e25d8fe4707f"

sliced@1.0.1:
  version "1.0.1"
  resolved "https://registry.yarnpkg.com/sliced/-/sliced-1.0.1.tgz#0b3a662b5d04c3177b1926bea82b03f837a2ef41"

snapd@^0.18.0:
  version "0.18.0"
  resolved "https://registry.yarnpkg.com/snapd/-/snapd-0.18.0.tgz#2d80902efe1bb8777684a42c8e69d5180dd19d39"
  dependencies:
    asea "^0.13.0"
    babel-runtime "^6.23.0"
    budge "^0.19.0"
    harden "^0.21.0"
    impel "^0.9.0"
    kein "^0.16.0"
    letgo "^0.23.0"
    pringe "^0.8.0"
    protype "^0.21.0"
    truly "^0.17.0"
    zelf "^0.11.0"

"source-map-support@0.3.2 - 1.0.0":
  version "0.4.14"
  resolved "https://registry.yarnpkg.com/source-map-support/-/source-map-support-0.4.14.tgz#9d4463772598b86271b4f523f6c1f4e02a7d6aef"
  dependencies:
    source-map "^0.5.6"

source-map@^0.4.4:
  version "0.4.4"
  resolved "https://registry.yarnpkg.com/source-map/-/source-map-0.4.4.tgz#eba4f5da9c0dc999de68032d8b4f76173652036b"
  dependencies:
    amdefine ">=0.0.4"

source-map@^0.5.6, source-map@~0.5.1:
  version "0.5.6"
  resolved "https://registry.yarnpkg.com/source-map/-/source-map-0.5.6.tgz#75ce38f52bf0733c5a7f0c118d81334a2bb5f412"

stack-trace@^0.0.9:
  version "0.0.9"
  resolved "https://registry.yarnpkg.com/stack-trace/-/stack-trace-0.0.9.tgz#a8f6eaeca90674c333e7c43953f275b451510695"

string_decoder@~1.0.0:
  version "1.0.3"
  resolved "https://registry.yarnpkg.com/string_decoder/-/string_decoder-1.0.3.tgz#0fc67d7c141825de94282dd536bec6b9bce860ab"
  dependencies:
    safe-buffer "~5.1.0"

stringe@^0.2.0:
  version "0.2.0"
  resolved "https://registry.yarnpkg.com/stringe/-/stringe-0.2.0.tgz#0e7dabe11258cdcf5d7e0ce5e4a1a9d043936a0e"
  dependencies:
    babel-runtime "^6.23.0"

strip-ansi@^3.0.0:
  version "3.0.1"
  resolved "https://registry.yarnpkg.com/strip-ansi/-/strip-ansi-3.0.1.tgz#6a385fb8853d952d5ff05d0e8aaf94278dc63dcf"
  dependencies:
    ansi-regex "^2.0.0"

stuffed@^0.20.0:
  version "0.20.0"
  resolved "https://registry.yarnpkg.com/stuffed/-/stuffed-0.20.0.tgz#e6fd20f947551aeb17feae74a74e8690b94631e3"
  dependencies:
    babel-runtime "^6.23.0"
    doubt "^0.24.0"
    kount "^0.10.0"
    protype "^0.21.0"
    truly "^0.17.0"

supports-color@^2.0.0:
  version "2.0.0"
  resolved "https://registry.yarnpkg.com/supports-color/-/supports-color-2.0.0.tgz#535d045ce6b6363fa40117084629995e9df324c7"

sxty4@^0.8.0:
  version "0.8.0"
  resolved "https://registry.yarnpkg.com/sxty4/-/sxty4-0.8.0.tgz#86c5fe76fbb8bfaf6518269f6c5d4d4f9a2ca8b9"
  dependencies:
    asea "^0.13.0"
    babel-runtime "^6.23.0"
    falzy "^0.17.0"
    harden "^0.21.0"
    protype "^0.21.0"

symbiote@^0.14.0:
  version "0.14.0"
  resolved "https://registry.yarnpkg.com/symbiote/-/symbiote-0.14.0.tgz#3e758b92b9dbb0f65e1bf6377e6fc340d9d96b93"
  dependencies:
    babel-runtime "^6.23.0"
    harden "^0.21.0"
    protype "^0.21.0"
    raze "^0.25.0"
    stringe "^0.2.0"

titlelize@^0.13.0:
  version "0.13.0"
  resolved "https://registry.yarnpkg.com/titlelize/-/titlelize-0.13.0.tgz#4ed7d66c4fd875bd8dcbbdd677d4961672484b4c"
  dependencies:
    babel-runtime "^6.23.0"
    disdo "^0.12.0"
    falzy "^0.17.0"
    harden "^0.21.0"
    protype "^0.21.0"

transpher@^0.15.0:
  version "0.15.0"
  resolved "https://registry.yarnpkg.com/transpher/-/transpher-0.15.0.tgz#0d7fb6f00a749e6777fcb6a0c3f0ab907fcf7368"
  dependencies:
    ate "^0.15.0"
    babel-runtime "^6.23.0"
    depher "^0.23.0"
    falzy "^0.17.0"
    kein "^0.16.0"

truly@^0.17.0:
  version "0.17.0"
  resolved "https://registry.yarnpkg.com/truly/-/truly-0.17.0.tgz#3b2c6883d95285d9d3a22fd5d2588d8b266e06c9"
  dependencies:
    babel-runtime "^6.23.0"
    protype "^0.21.0"

truu@^0.23.0:
  version "0.23.0"
  resolved "https://registry.yarnpkg.com/truu/-/truu-0.23.0.tgz#1775c269d2764dfd9f5546f7b2e9dec3d768190d"
  dependencies:
    babel-runtime "^6.23.0"
    doubt "^0.24.0"
    filled "^0.19.0"
    protype "^0.21.0"
    stuffed "^0.20.0"
    truly "^0.17.0"

u200b@^0.19.0:
  version "0.19.0"
  resolved "https://registry.yarnpkg.com/u200b/-/u200b-0.19.0.tgz#3dab7868d78f5f47ab868a1c8cb7a6068834812e"
  dependencies:
    arid "^0.23.0"
    babel-runtime "^6.23.0"
    clazof "^0.19.0"
    diatom "^0.18.0"
    falzy "^0.17.0"
    harden "^0.21.0"
    optfor "^0.19.0"
    plough "^0.22.0"
    protype "^0.21.0"
    stringe "^0.2.0"
    truly "^0.17.0"
    wichevr "^0.7.0"

uglify-js@^2.6:
  version "2.8.18"
  resolved "https://registry.yarnpkg.com/uglify-js/-/uglify-js-2.8.18.tgz#925d14bae48ab62d1883b41afe6e2261662adb8e"
  dependencies:
    source-map "~0.5.1"
    yargs "~3.10.0"
  optionalDependencies:
    uglify-to-browserify "~1.0.0"

uglify-to-browserify@~1.0.0:
  version "1.0.2"
  resolved "https://registry.yarnpkg.com/uglify-to-browserify/-/uglify-to-browserify-1.0.2.tgz#6e0924d6bda6b5afe349e39a6d632850a0f882b7"

util-deprecate@~1.0.1:
  version "1.0.2"
  resolved "https://registry.yarnpkg.com/util-deprecate/-/util-deprecate-1.0.2.tgz#450d4dc9fa70de732762fbd2d4a28981419a0ccf"

wauker@^0.7.0:
  version "0.7.0"
  resolved "https://registry.yarnpkg.com/wauker/-/wauker-0.7.0.tgz#70cea7f4d191978b664249b21ca10bebfdfdf80b"
  dependencies:
    babel-runtime "^6.23.0"
    een "^0.13.0"
    falzy "^0.17.0"
    protease "^0.15.0"
    protype "^0.21.0"

wichevr@^0.7.0:
  version "0.7.0"
  resolved "https://registry.yarnpkg.com/wichevr/-/wichevr-0.7.0.tgz#c1d6c3b12b9decf7db9daf99c20bafb021eb4016"
  dependencies:
    babel-runtime "^6.23.0"
    raze "^0.25.0"
    truly "^0.17.0"

wichis@^0.11.0:
  version "0.11.0"
  resolved "https://registry.yarnpkg.com/wichis/-/wichis-0.11.0.tgz#557f17530e2686a213dfa439a8c797e43f8ddf1e"
  dependencies:
    babel-runtime "^6.23.0"
    raze "^0.25.0"
    truu "^0.23.0"

window-size@0.1.0:
  version "0.1.0"
  resolved "https://registry.yarnpkg.com/window-size/-/window-size-0.1.0.tgz#5438cd2ea93b202efa3a19fe8887aee7c94f9c9d"

wordwrap@0.0.2:
  version "0.0.2"
  resolved "https://registry.yarnpkg.com/wordwrap/-/wordwrap-0.0.2.tgz#b79669bb42ecb409f83d583cad52ca17eaa1643f"

wordwrap@~0.0.2:
  version "0.0.3"
  resolved "https://registry.yarnpkg.com/wordwrap/-/wordwrap-0.0.3.tgz#a3d5da6cd5c0bc0008d37234bbaf1bed63059107"

yargs@~3.10.0:
  version "3.10.0"
  resolved "https://registry.yarnpkg.com/yargs/-/yargs-3.10.0.tgz#f7ee7bd857dd7c1d2d38c0e74efbd681d1431fd1"
  dependencies:
    camelcase "^1.0.2"
    cliui "^2.1.0"
    decamelize "^1.0.0"
    window-size "0.1.0"

zelf@^0.11.0:
  version "0.11.0"
  resolved "https://registry.yarnpkg.com/zelf/-/zelf-0.11.0.tgz#ff6967b0206f8de00354dd439eb98cc4c5a4415d"
  dependencies:
    asea "^0.13.0"
    babel-runtime "^6.23.0"
