# THIS IS AN AUTOGENERATED FILE. DO NOT EDIT THIS FILE DIRECTLY.
# yarn lockfile v1


align-text@^0.1.1, align-text@^0.1.3:
  version "0.1.4"
  resolved "https://registry.yarnpkg.com/align-text/-/align-text-0.1.4.tgz#0cd90a561093f35d0a99256c22b7069433fad117"
  dependencies:
    kind-of "^3.0.2"
    longest "^1.0.1"
    repeat-string "^1.5.2"

amdefine@>=0.0.4:
  version "1.0.1"
  resolved "https://registry.yarnpkg.com/amdefine/-/amdefine-1.0.1.tgz#4a5282ac164729e93619bcfd3ad151f817ce91f5"

ansi-regex@^2.0.0:
  version "2.1.1"
  resolved "https://registry.yarnpkg.com/ansi-regex/-/ansi-regex-2.1.1.tgz#c3b33ab5ee360d86e0e628f0468ae7ef27d654df"

ansi-styles@^2.2.1:
  version "2.2.1"
  resolved "https://registry.yarnpkg.com/ansi-styles/-/ansi-styles-2.2.1.tgz#b432dd3358b634cf75e1e4664368240533c1ddbe"

arid@^0.15.0:
  version "0.15.0"
  resolved "https://registry.yarnpkg.com/arid/-/arid-0.15.0.tgz#477236f548988a0f2103a90cf428de7b496660ae"
  dependencies:
    babel-runtime "^6.23.0"
    doubt "^0.17.0"
    truly "^0.13.0"

asea@^0.10.0:
  version "0.10.0"
  resolved "https://registry.yarnpkg.com/asea/-/asea-0.10.0.tgz#60a1b46e02708855ceac31418f8a017e2dc0e12b"
  dependencies:
    babel-runtime "^6.23.0"
    harden "^0.16.0"

async@2.1.4:
  version "2.1.4"
  resolved "https://registry.yarnpkg.com/async/-/async-2.1.4.tgz#2d2160c7788032e4dd6cbe2502f1f9a2c8f6cde4"
  dependencies:
    lodash "^4.14.0"

async@^1.4.0:
  version "1.5.2"
  resolved "https://registry.yarnpkg.com/async/-/async-1.5.2.tgz#ec6a61ae56480c0c3cb241c95618e20892f9672a"

async@~0.2.6:
  version "0.2.10"
  resolved "https://registry.yarnpkg.com/async/-/async-0.2.10.tgz#b6bbe0b0674b9d719708ca38de8c237cb526c3d1"

ate@^0.10.0:
  version "0.10.0"
  resolved "https://registry.yarnpkg.com/ate/-/ate-0.10.0.tgz#659dac2aff035dbe3b25f4c131d16d6262dd64d8"
  dependencies:
    babel-runtime "^6.23.0"
    falzy "^0.13.0"
    protype "^0.17.0"
    zelf "^0.8.0"

ate@^0.11.0:
  version "0.11.0"
  resolved "https://registry.yarnpkg.com/ate/-/ate-0.11.0.tgz#7db0ae03e1c633267ea484571746df52388c44d0"
  dependencies:
    babel-runtime "^6.23.0"
    falzy "^0.13.0"
    protype "^0.17.0"
    zelf "^0.8.0"

babel-runtime@^6.22.0, babel-runtime@^6.23.0:
  version "6.23.0"
  resolved "https://registry.yarnpkg.com/babel-runtime/-/babel-runtime-6.23.0.tgz#0a9489f144de70efb3ce4300accdb329e2fc543b"
  dependencies:
    core-js "^2.4.0"
    regenerator-runtime "^0.10.0"

blacksea@^0.8.0:
  version "0.8.0"
  resolved "https://registry.yarnpkg.com/blacksea/-/blacksea-0.8.0.tgz#2fcf275d1eb54e61092c3cd6c35d7ef220d20088"
  dependencies:
    clazof "^0.12.0"
    exorcise "^0.8.0"
    falzy "^0.13.0"
    harden "^0.16.0"
    protype "^0.17.0"
    snapd "^0.15.0"

bluebird@2.10.2:
  version "2.10.2"
  resolved "https://registry.yarnpkg.com/bluebird/-/bluebird-2.10.2.tgz#024a5517295308857f14f91f1106fc3b555f446b"

bluesea@^0.2.0:
  version "0.2.0"
  resolved "https://registry.yarnpkg.com/bluesea/-/bluesea-0.2.0.tgz#6853632674ea70b297b32b78a9d4ff0e815bc71b"
  dependencies:
    clazof "^0.12.0"
    exorcise "^0.8.0"
    falzy "^0.13.0"
    harden "^0.16.0"
    protype "^0.17.0"
    snapd "^0.15.0"

browser-fingerprint@0.0.1:
  version "0.0.1"
  resolved "https://registry.yarnpkg.com/browser-fingerprint/-/browser-fingerprint-0.0.1.tgz#8df3cdca25bf7d5b3542d61545d730053fce604a"

bson@~1.0.4:
  version "1.0.4"
  resolved "https://registry.yarnpkg.com/bson/-/bson-1.0.4.tgz#93c10d39eaa5b58415cbc4052f3e53e562b0b72c"

budge@^0.13.0:
  version "0.13.0"
  resolved "https://registry.yarnpkg.com/budge/-/budge-0.13.0.tgz#de44c263ab7d61de0922ddb8d08eab54c4bf4072"
  dependencies:
    babel-runtime "^6.23.0"
    depher "^0.15.0"
    doubt "^0.17.0"
    raze "^0.19.0"

budge@^0.14.0:
  version "0.14.0"
  resolved "https://registry.yarnpkg.com/budge/-/budge-0.14.0.tgz#e61ea5f494d6cc24422450755e6316033dedf23c"
  dependencies:
    babel-runtime "^6.23.0"
    depher "^0.16.0"
    doubt "^0.17.0"
    raze "^0.19.0"

buffer-shims@^1.0.0:
  version "1.0.0"
  resolved "https://registry.yarnpkg.com/buffer-shims/-/buffer-shims-1.0.0.tgz#9978ce317388c649ad8793028c3477ef044a8b51"

calcify@^0.5.0:
  version "0.5.0"
  resolved "https://registry.yarnpkg.com/calcify/-/calcify-0.5.0.tgz#a1bc492ac43d703638783f2008190cb4fff12d27"
  dependencies:
    babel-runtime "^6.23.0"
    circular-json "^0.3.1"
    parseon "^0.4.0"

called@^0.13.0:
  version "0.13.0"
  resolved "https://registry.yarnpkg.com/called/-/called-0.13.0.tgz#82f8151255e19104eddcbd47c51f5c93089e2b75"
  dependencies:
    babel-runtime "^6.23.0"
    harden "^0.16.0"
    kloak "^0.7.0"
    protype "^0.17.0"
    raze "^0.19.0"

called@^0.14.0:
  version "0.14.0"
  resolved "https://registry.yarnpkg.com/called/-/called-0.14.0.tgz#e7001fa28fb1d945cfd5b0045dd5573f066f9bde"
  dependencies:
    babel-runtime "^6.23.0"
    harden "^0.16.0"
    kloak "^0.8.0"
    protype "^0.17.0"
    raze "^0.19.0"

camelcase@^1.0.2:
  version "1.2.1"
  resolved "https://registry.yarnpkg.com/camelcase/-/camelcase-1.2.1.tgz#9bb5304d2e0b56698b2c758b08a3eaa9daa58a39"

cemento@^0.11.0:
  version "0.11.0"
  resolved "https://registry.yarnpkg.com/cemento/-/cemento-0.11.0.tgz#b74a68611dde34724ecf57e3fd9e17f7603ed120"
  dependencies:
    babel-runtime "^6.23.0"
    harden "^0.16.0"

cemento@^0.8.0:
  version "0.8.0"
  resolved "https://registry.yarnpkg.com/cemento/-/cemento-0.8.0.tgz#b95751f73f408b70f14d440c1939018ba0bb6e21"
  dependencies:
    babel-runtime "^6.22.0"
    harden "^0.14.0"

center-align@^0.1.1:
  version "0.1.3"
  resolved "https://registry.yarnpkg.com/center-align/-/center-align-0.1.3.tgz#aa0d32629b6ee972200411cbd4461c907bc2b7ad"
  dependencies:
    align-text "^0.1.3"
    lazy-cache "^1.0.3"

chalk@^1.1.3:
  version "1.1.3"
  resolved "https://registry.yarnpkg.com/chalk/-/chalk-1.1.3.tgz#a8115c55e4a702fe4d150abd3872822a7e09fc98"
  dependencies:
    ansi-styles "^2.2.1"
    escape-string-regexp "^1.0.2"
    has-ansi "^2.0.0"
    strip-ansi "^3.0.0"
    supports-color "^2.0.0"

circular-json@^0.3.1:
  version "0.3.1"
  resolved "https://registry.yarnpkg.com/circular-json/-/circular-json-0.3.1.tgz#be8b36aefccde8b3ca7aa2d6afc07a37242c0d2d"

clazof@^0.12.0:
  version "0.12.0"
  resolved "https://registry.yarnpkg.com/clazof/-/clazof-0.12.0.tgz#b4ca3bbcb374fb813ab301b5d73c15f9fd7568a6"
  dependencies:
    babel-runtime "^6.23.0"
    falzy "^0.13.0"
    protype "^0.17.0"
    raze "^0.19.0"
    wauker "^0.1.0"

cliui@^2.1.0:
  version "2.1.0"
  resolved "https://registry.yarnpkg.com/cliui/-/cliui-2.1.0.tgz#4b475760ff80264c762c3a1719032e91c7fea0d1"
  dependencies:
    center-align "^0.1.1"
    right-align "^0.1.1"
    wordwrap "0.0.2"

cobralize@^0.8.0:
  version "0.8.0"
  resolved "https://registry.yarnpkg.com/cobralize/-/cobralize-0.8.0.tgz#dc50815d836b1b15b665e9c2282036590942b89e"
  dependencies:
    babel-runtime "^6.23.0"
    disdo "^0.8.0"
    falzy "^0.13.0"
    protype "^0.17.0"

core-js@^1.1.1:
  version "1.2.7"
  resolved "https://registry.yarnpkg.com/core-js/-/core-js-1.2.7.tgz#652294c14651db28fa93bd2d5ff2983a4f08c636"

core-js@^2.4.0:
  version "2.4.1"
  resolved "https://registry.yarnpkg.com/core-js/-/core-js-2.4.1.tgz#4de911e667b0eae9124e34254b53aea6fc618d3e"

core-util-is@~1.0.0:
  version "1.0.2"
  resolved "https://registry.yarnpkg.com/core-util-is/-/core-util-is-1.0.2.tgz#b5fd54220aa2bc5ab57aab7140c940754503c1a7"

cuid@^1.3.8:
  version "1.3.8"
  resolved "https://registry.yarnpkg.com/cuid/-/cuid-1.3.8.tgz#4b875e0969bad764f7ec0706cf44f5fb0831f6b7"
  dependencies:
    browser-fingerprint "0.0.1"
    core-js "^1.1.1"
    node-fingerprint "0.0.2"

debug@2.2.0:
  version "2.2.0"
  resolved "https://registry.yarnpkg.com/debug/-/debug-2.2.0.tgz#f87057e995b1a1f6ae6a4960664137bc56f039da"
  dependencies:
    ms "0.7.1"

decamelize@^1.0.0:
  version "1.2.0"
  resolved "https://registry.yarnpkg.com/decamelize/-/decamelize-1.2.0.tgz#f6534d15148269b20352e7bee26f501f9a191290"

decrease@^0.12.0:
  version "0.12.0"
  resolved "https://registry.yarnpkg.com/decrease/-/decrease-0.12.0.tgz#20cf41e311598a6a3d403a5542ec5eb160ee42ed"
  dependencies:
    babel-runtime "^6.23.0"
    doubt "^0.17.0"
    harden "^0.16.0"
    protype "^0.17.0"
    raze "^0.19.0"
    truly "^0.13.0"

dephall@^0.13.0:
  version "0.13.0"
  resolved "https://registry.yarnpkg.com/dephall/-/dephall-0.13.0.tgz#a77a41f56eedbd2baec87a99611fac47ff3b2e26"
  dependencies:
    arid "^0.15.0"
    babel-runtime "^6.23.0"
    doubt "^0.17.0"
    falze "^0.11.0"
    falzy "^0.13.0"
    harden "^0.16.0"
    pyck "^0.14.0"
    zelf "^0.8.0"

dephall@^0.14.0:
  version "0.14.0"
  resolved "https://registry.yarnpkg.com/dephall/-/dephall-0.14.0.tgz#285644f7c2deea01afa6f21a4e8dbd838c8703a6"
  dependencies:
    arid "^0.15.0"
    babel-runtime "^6.23.0"
    doubt "^0.17.0"
    falze "^0.11.0"
    falzy "^0.13.0"
    harden "^0.16.0"
    pyck "^0.15.0"
    zelf "^0.8.0"

depher@^0.15.0:
  version "0.15.0"
  resolved "https://registry.yarnpkg.com/depher/-/depher-0.15.0.tgz#d85a6d52027347804c399de024d03c6386cb5f64"
  dependencies:
    babel-runtime "^6.23.0"
    dephall "^0.13.0"
    doubt "^0.17.0"
    falze "^0.11.0"
    falzy "^0.13.0"
    harden "^0.16.0"
    zelf "^0.8.0"

depher@^0.16.0:
  version "0.16.0"
  resolved "https://registry.yarnpkg.com/depher/-/depher-0.16.0.tgz#c5f1905747e7d72b3a7970740fc470d21547685e"
  dependencies:
    babel-runtime "^6.23.0"
    dephall "^0.14.0"
    doubt "^0.17.0"
    falze "^0.11.0"
    falzy "^0.13.0"
    harden "^0.16.0"
    zelf "^0.8.0"

dexist@^0.6.0:
  version "0.6.0"
  resolved "https://registry.yarnpkg.com/dexist/-/dexist-0.6.0.tgz#5cef5e0e6635342ad48738da9dacf5a2869747ef"
  dependencies:
    called "^0.14.0"
    falzy "^0.13.0"
    numric "^0.8.0"
    pedon "^0.7.0"
    protype "^0.17.0"
    snapd "^0.15.0"
    zelf "^0.8.0"

diatom@^0.13.0:
  version "0.13.0"
  resolved "https://registry.yarnpkg.com/diatom/-/diatom-0.13.0.tgz#dc6b741550bff4ac27d5efa6ab9896fbf7ad0f39"
  dependencies:
    arid "^0.15.0"
    babel-runtime "^6.23.0"
    budge "^0.14.0"
    falzy "^0.13.0"
    komento "^0.14.0"
    llamalize "^0.8.0"
    protype "^0.17.0"

disdo@^0.8.0:
  version "0.8.0"
  resolved "https://registry.yarnpkg.com/disdo/-/disdo-0.8.0.tgz#3354ed67dfdbfd07a5f58aeb70f7d0cab63c0d18"
  dependencies:
    babel-runtime "^6.23.0"
    falzy "^0.13.0"
    protype "^0.17.0"

doubt@^0.14.0:
  version "0.14.0"
  resolved "https://registry.yarnpkg.com/doubt/-/doubt-0.14.0.tgz#0196e55ab36ebd6c855812551b9188a5debeaecc"
  dependencies:
    babel-runtime "^6.22.0"
    cemento "^0.8.0"
    circular-json "^0.3.1"
    falzy "^0.11.0"
    harden "^0.14.0"
    kount "^0.7.0"
    protype "^0.15.0"

doubt@^0.17.0:
  version "0.17.0"
  resolved "https://registry.yarnpkg.com/doubt/-/doubt-0.17.0.tgz#9817bd2afa0b10f7d913ea562fbaffd4a0d7de75"
  dependencies:
    babel-runtime "^6.23.0"
    cemento "^0.11.0"
    circular-json "^0.3.1"
    falzy "^0.13.0"
    harden "^0.16.0"
    khount "^0.0.0"
    protype "^0.17.0"

een@^0.7.0:
  version "0.7.0"
  resolved "https://registry.yarnpkg.com/een/-/een-0.7.0.tgz#04efcaed6841a508f075fe1489b4bd9f87ee9078"
  dependencies:
    babel-runtime "^6.23.0"
    doubt "^0.17.0"
    kein "^0.10.0"
    protype "^0.17.0"
    truly "^0.13.0"

empt@^0.13.0:
  version "0.13.0"
  resolved "https://registry.yarnpkg.com/empt/-/empt-0.13.0.tgz#b10e40011fefd9ef287f91e3ee186518056eed9d"
  dependencies:
    babel-runtime "^6.23.0"
    doubt "^0.17.0"
    kount "^0.9.0"
    protype "^0.17.0"

es6-promise@3.2.1:
  version "3.2.1"
  resolved "https://registry.yarnpkg.com/es6-promise/-/es6-promise-3.2.1.tgz#ec56233868032909207170c39448e24449dd1fc4"

escape-string-regexp@^1.0.2:
  version "1.0.5"
  resolved "https://registry.yarnpkg.com/escape-string-regexp/-/escape-string-regexp-1.0.5.tgz#1b61c0562190a8dff6ae3bb2cf0200ca130b86d4"

ethernity@^0.12.0:
  version "0.12.0"
  resolved "https://registry.yarnpkg.com/ethernity/-/ethernity-0.12.0.tgz#e5570b45b0099c644aaca73130fef718f9b9aa2b"
  dependencies:
    babel-runtime "^6.23.0"
    clazof "^0.12.0"
    depher "^0.16.0"
    diatom "^0.13.0"
    doubt "^0.17.0"
    falze "^0.11.0"
    falzy "^0.13.0"
    harden "^0.16.0"
    moment "^2.17.1"
    optfor "^0.16.0"
    protype "^0.17.0"
    raze "^0.19.0"
    truly "^0.13.0"
    u200b "^0.15.0"

exorcise@^0.7.0:
  version "0.7.0"
  resolved "https://registry.yarnpkg.com/exorcise/-/exorcise-0.7.0.tgz#bbfb74ec4fcfdb55b500c77916ca1b82c6028306"
  dependencies:
    called "^0.13.0"
    falzy "^0.13.0"
    protype "^0.17.0"
    zelf "^0.8.0"

exorcise@^0.8.0:
  version "0.8.0"
  resolved "https://registry.yarnpkg.com/exorcise/-/exorcise-0.8.0.tgz#c24efa05908abcfc8bb0bd779bdc6c256cc0c265"
  dependencies:
    called "^0.14.0"
    falzy "^0.13.0"
    protype "^0.17.0"
    zelf "^0.8.0"

falze@^0.11.0:
  version "0.11.0"
  resolved "https://registry.yarnpkg.com/falze/-/falze-0.11.0.tgz#e27416cde5339bc71bebb0797b330f523c5329f5"
  dependencies:
    arid "^0.15.0"
    babel-runtime "^6.23.0"
    doubt "^0.17.0"
    empt "^0.13.0"
    falzy "^0.13.0"
    protype "^0.17.0"

falzy@^0.11.0:
  version "0.11.0"
  resolved "https://registry.yarnpkg.com/falzy/-/falzy-0.11.0.tgz#61665d9714b3e0281491e8cd2de7d69726eadde3"
  dependencies:
    babel-runtime "^6.22.0"
    protype "^0.15.0"

falzy@^0.13.0:
  version "0.13.0"
  resolved "https://registry.yarnpkg.com/falzy/-/falzy-0.13.0.tgz#635912d0abbf444eb1140b66e7311fd3a72c0502"
  dependencies:
    babel-runtime "^6.23.0"
    protype "^0.17.0"

filled@^0.11.0:
  version "0.11.0"
  resolved "https://registry.yarnpkg.com/filled/-/filled-0.11.0.tgz#ed44f17c2b1aebd8e3c837b4120ca2e668fa1b79"
  dependencies:
    babel-runtime "^6.23.0"
    doubt "^0.17.0"
    raze "^0.19.0"
    truly "^0.13.0"

glucose@^0.13.0:
  version "0.13.0"
  resolved "https://registry.yarnpkg.com/glucose/-/glucose-0.13.0.tgz#6de7d4f8aa4cd43d79c0e084fefc2ea543bd3390"
  dependencies:
    babel-runtime "^6.23.0"
    clazof "^0.12.0"
    diatom "^0.13.0"
    falze "^0.11.0"
    falzy "^0.13.0"
    harden "^0.16.0"
    kein "^0.10.0"
    proplist "^0.10.0"
    protype "^0.17.0"
    stuffed "^0.12.0"
    transpher "^0.10.0"
    truly "^0.13.0"
    truu "^0.12.0"
    zelf "^0.8.0"

handlebars@^4.0.6:
  version "4.0.6"
  resolved "https://registry.yarnpkg.com/handlebars/-/handlebars-4.0.6.tgz#2ce4484850537f9c97a8026d5399b935c4ed4ed7"
  dependencies:
    async "^1.4.0"
    optimist "^0.6.1"
    source-map "^0.4.4"
  optionalDependencies:
    uglify-js "^2.6"

harden@^0.14.0:
  version "0.14.0"
  resolved "https://registry.yarnpkg.com/harden/-/harden-0.14.0.tgz#bd9b003c413a80523f60fc0becd2b6e4bd0e3b96"
  dependencies:
    babel-runtime "^6.22.0"

harden@^0.16.0:
  version "0.16.0"
  resolved "https://registry.yarnpkg.com/harden/-/harden-0.16.0.tgz#5c0a7ec0b35baf4425c79d8c8a8cbdef443a6b57"
  dependencies:
    babel-runtime "^6.23.0"

has-ansi@^2.0.0:
  version "2.0.0"
  resolved "https://registry.yarnpkg.com/has-ansi/-/has-ansi-2.0.0.tgz#34f5049ce1ecdf2b0649af3ef24e45ed35416d91"
  dependencies:
    ansi-regex "^2.0.0"

heredito@^0.21.0:
  version "0.21.0"
  resolved "https://registry.yarnpkg.com/heredito/-/heredito-0.21.0.tgz#5680d3d862d14d3647f43af9699ab13c8558d251"
  dependencies:
    ate "^0.11.0"
    babel-runtime "^6.23.0"
    protype "^0.17.0"
    raze "^0.19.0"

hooks-fixed@1.2.0:
  version "1.2.0"
  resolved "https://registry.yarnpkg.com/hooks-fixed/-/hooks-fixed-1.2.0.tgz#0d2772d4d7d685ff9244724a9f0b5b2559aac96b"

impel@^0.6.0:
  version "0.6.0"
  resolved "https://registry.yarnpkg.com/impel/-/impel-0.6.0.tgz#9d7de76457b38b2172e59e41ac567d371bfe5be6"
  dependencies:
    asea "^0.10.0"
    babel-runtime "^6.23.0"
    falzy "^0.13.0"
    kein "^0.10.0"
    protype "^0.17.0"
    zelf "^0.8.0"

impel@^0.7.0:
  version "0.7.0"
  resolved "https://registry.yarnpkg.com/impel/-/impel-0.7.0.tgz#78152193a253a3399d0f497bdb6f30e8eb6ec9df"
  dependencies:
    asea "^0.10.0"
    babel-runtime "^6.23.0"
    falzy "^0.13.0"
    kein "^0.10.0"
    protype "^0.17.0"
    zelf "^0.8.0"

inherits@~2.0.1:
  version "2.0.3"
  resolved "https://registry.yarnpkg.com/inherits/-/inherits-2.0.3.tgz#633c2c83e3da42a502f52466022480f4208261de"

is-buffer@^1.0.2:
  version "1.1.4"
  resolved "https://registry.yarnpkg.com/is-buffer/-/is-buffer-1.1.4.tgz#cfc86ccd5dc5a52fa80489111c6920c457e2d98b"

isarray@~1.0.0:
  version "1.0.0"
  resolved "https://registry.yarnpkg.com/isarray/-/isarray-1.0.0.tgz#bb935d48582cba168c06834957a54a3e07124f11"

kareem@1.2.1:
  version "1.2.1"
  resolved "https://registry.yarnpkg.com/kareem/-/kareem-1.2.1.tgz#acdb8c8119845834abbfa58ade1cf9dea63dc752"

kein@^0.10.0:
  version "0.10.0"
  resolved "https://registry.yarnpkg.com/kein/-/kein-0.10.0.tgz#2326b3930e67b864230f61e04bd8fec0f5f2a09d"
  dependencies:
    babel-runtime "^6.23.0"
    falzy "^0.13.0"
    protype "^0.17.0"

khount@^0.0.0:
  version "0.0.0"
  resolved "https://registry.yarnpkg.com/khount/-/khount-0.0.0.tgz#7c7f369ae5d0ef5499dca14eeb168bb4b4b29e6d"
  dependencies:
    babel-runtime "^6.23.0"

kind-of@^3.0.2:
  version "3.1.0"
  resolved "https://registry.yarnpkg.com/kind-of/-/kind-of-3.1.0.tgz#475d698a5e49ff5e53d14e3e732429dc8bf4cf47"
  dependencies:
    is-buffer "^1.0.2"

kloak@^0.7.0:
  version "0.7.0"
  resolved "https://registry.yarnpkg.com/kloak/-/kloak-0.7.0.tgz#1f7e7a74d53378f41d0d13500ff2adb2a55fd21c"
  dependencies:
    ate "^0.10.0"
    babel-runtime "^6.23.0"
    cobralize "^0.8.0"
    falzy "^0.13.0"
    harden "^0.16.0"
    kein "^0.10.0"
    protype "^0.17.0"
    transpher "^0.9.0"
    truly "^0.13.0"

kloak@^0.8.0:
  version "0.8.0"
  resolved "https://registry.yarnpkg.com/kloak/-/kloak-0.8.0.tgz#01fd8c3f37bf8b2a5bc942638ab5eb10dc3fe121"
  dependencies:
    ate "^0.11.0"
    babel-runtime "^6.23.0"
    cobralize "^0.8.0"
    falzy "^0.13.0"
    harden "^0.16.0"
    kein "^0.10.0"
    protype "^0.17.0"
    transpher "^0.10.0"
    truly "^0.13.0"

komento@^0.14.0:
  version "0.14.0"
  resolved "https://registry.yarnpkg.com/komento/-/komento-0.14.0.tgz#abbf65920188e34d57651ebc77fe5af09471832d"
  dependencies:
    babel-runtime "^6.23.0"
    handlebars "^4.0.6"
    harden "^0.16.0"
    protype "^0.17.0"
    realign "^0.7.0"
    stuffed "^0.12.0"
    truly "^0.13.0"

kount@^0.7.0:
  version "0.7.0"
  resolved "https://registry.yarnpkg.com/kount/-/kount-0.7.0.tgz#ffcf367ef7cd68f6e37034b61d5569d4af5bcdd9"
  dependencies:
    babel-runtime "^6.22.0"

kount@^0.9.0:
  version "0.9.0"
  resolved "https://registry.yarnpkg.com/kount/-/kount-0.9.0.tgz#6315a7f63387485c9c2fabcafdb7a32ba7d78e4e"
  dependencies:
    babel-runtime "^6.23.0"

krumb@^0.2.0:
  version "0.2.0"
  resolved "https://registry.yarnpkg.com/krumb/-/krumb-0.2.0.tgz#d562ebdcfc295aaf770151d11699bd82a8ae99d0"
  dependencies:
    babel-runtime "^6.23.0"

kurse@^0.7.0:
  version "0.7.0"
  resolved "https://registry.yarnpkg.com/kurse/-/kurse-0.7.0.tgz#7e66caadeab95c2c97b1b36023c5a508fd7bcde8"
  dependencies:
    babel-runtime "^6.23.0"
    cuid "^1.3.8"
    een "^0.7.0"
    harden "^0.16.0"
    kein "^0.10.0"
    protype "^0.17.0"
    truly "^0.13.0"

lazy-cache@^1.0.3:
  version "1.0.4"
  resolved "https://registry.yarnpkg.com/lazy-cache/-/lazy-cache-1.0.4.tgz#a1d78fc3a50474cb80845d3b3b6e1da49a446e8e"

letgo@^0.18.0:
  version "0.18.0"
  resolved "https://registry.yarnpkg.com/letgo/-/letgo-0.18.0.tgz#a03d46ae25c20e1fd89aadfd447c2af41415bf0c"
  dependencies:
    arid "^0.15.0"
    babel-runtime "^6.23.0"
    budge "^0.13.0"
    called "^0.13.0"
    depher "^0.15.0"
    filled "^0.11.0"
    harden "^0.16.0"
    protype "^0.17.0"
    truly "^0.13.0"
    zelf "^0.8.0"

letgo@^0.19.0:
  version "0.19.0"
  resolved "https://registry.yarnpkg.com/letgo/-/letgo-0.19.0.tgz#3aa9a596c28be940e771f07ebc12e776cd77dd49"
  dependencies:
    arid "^0.15.0"
    babel-runtime "^6.23.0"
    budge "^0.14.0"
    called "^0.14.0"
    depher "^0.16.0"
    filled "^0.11.0"
    harden "^0.16.0"
    protype "^0.17.0"
    truly "^0.13.0"
    zelf "^0.8.0"

lilfy@^0.8.0:
  version "0.8.0"
  resolved "https://registry.yarnpkg.com/lilfy/-/lilfy-0.8.0.tgz#aa994659261158d4198596fbbf8fc8cbfa8d10ad"
  dependencies:
    babel-runtime "^6.23.0"
    falzy "^0.13.0"
    harden "^0.16.0"
    lz-string "^1.4.4"
    protype "^0.17.0"
    sxty4 "^0.6.0"

llamalize@^0.8.0:
  version "0.8.0"
  resolved "https://registry.yarnpkg.com/llamalize/-/llamalize-0.8.0.tgz#c00561083b8ffc8475cfc5a6972aba67bcbd40c2"
  dependencies:
    babel-runtime "^6.23.0"
    falzy "^0.13.0"
    harden "^0.16.0"
    protype "^0.17.0"
    titlelize "^0.9.0"

lodash@^4.14.0:
  version "4.17.4"
  resolved "https://registry.yarnpkg.com/lodash/-/lodash-4.17.4.tgz#78203a4d1c328ae1d86dca6460e369b57f4055ae"

longest@^1.0.1:
  version "1.0.1"
  resolved "https://registry.yarnpkg.com/longest/-/longest-1.0.1.tgz#30a0b2da38f73770e8294a0d22e6625ed77d0097"

longjohn@^0.2.12:
  version "0.2.12"
  resolved "https://registry.yarnpkg.com/longjohn/-/longjohn-0.2.12.tgz#7ca7446b083655c377e7512213dc754d52a64a7e"
  dependencies:
    source-map-support "0.3.2 - 1.0.0"

lz-string@^1.4.4:
  version "1.4.4"
  resolved "https://registry.yarnpkg.com/lz-string/-/lz-string-1.4.4.tgz#c0d8eaf36059f705796e1e344811cf4c498d3a26"

meek@^0.8.0:
  version "0.8.0"
  resolved "https://registry.yarnpkg.com/meek/-/meek-0.8.0.tgz#f7910e434023edb8088c76b3a1b21f2c6c828c4a"
  dependencies:
    asea "^0.10.0"
    babel-runtime "^6.23.0"
    called "^0.14.0"
    clazof "^0.12.0"
    harden "^0.16.0"
    offcache "^0.5.0"
    protype "^0.17.0"

meto@^0.9.0:
  version "0.9.0"
  resolved "https://registry.yarnpkg.com/meto/-/meto-0.9.0.tgz#8425237cc381ad85c9b191b559d89c1d575386ec"
  dependencies:
    babel-runtime "^6.23.0"
    cemento "^0.11.0"
    falzy "^0.13.0"
    protype "^0.17.0"
    truly "^0.13.0"
    zelf "^0.8.0"

minimist@~0.0.1:
  version "0.0.10"
  resolved "https://registry.yarnpkg.com/minimist/-/minimist-0.0.10.tgz#de3f98543dbf96082be48ad1a0c7cda836301dcf"

moment@^2.17.1:
  version "2.17.1"
  resolved "https://registry.yarnpkg.com/moment/-/moment-2.17.1.tgz#fed9506063f36b10f066c8b59a144d7faebe1d82"

mongodb-core@2.1.8:
  version "2.1.8"
  resolved "https://registry.yarnpkg.com/mongodb-core/-/mongodb-core-2.1.8.tgz#b33e0370d0a59d97b6cb1ec610527be9e95ca2c0"
  dependencies:
    bson "~1.0.4"
    require_optional "~1.0.0"

mongodb@2.2.24, mongodb@^2.2.24:
  version "2.2.24"
  resolved "https://registry.yarnpkg.com/mongodb/-/mongodb-2.2.24.tgz#80f40d6ec5bdec0ddecf0f9ce0144e794c46449a"
  dependencies:
    es6-promise "3.2.1"
    mongodb-core "2.1.8"
    readable-stream "2.1.5"

mongoose@^4.8.4:
  version "4.8.4"
  resolved "https://registry.yarnpkg.com/mongoose/-/mongoose-4.8.4.tgz#091ca76f404355120a0b497bad6cc2b7d21c83ae"
  dependencies:
    async "2.1.4"
    bson "~1.0.4"
    hooks-fixed "1.2.0"
    kareem "1.2.1"
    mongodb "2.2.24"
    mpath "0.2.1"
    mpromise "0.5.5"
    mquery "2.2.3"
    ms "0.7.2"
    muri "1.2.1"
    regexp-clone "0.0.1"
    sliced "1.0.1"

mpath@0.2.1:
  version "0.2.1"
  resolved "https://registry.yarnpkg.com/mpath/-/mpath-0.2.1.tgz#3a4e829359801de96309c27a6b2e102e89f9e96e"

mpromise@0.5.5:
  version "0.5.5"
  resolved "https://registry.yarnpkg.com/mpromise/-/mpromise-0.5.5.tgz#f5b24259d763acc2257b0a0c8c6d866fd51732e6"

mquery@2.2.3:
  version "2.2.3"
  resolved "https://registry.yarnpkg.com/mquery/-/mquery-2.2.3.tgz#a4703b64fb6734fce51d784a4df095cabf1a8f57"
  dependencies:
    bluebird "2.10.2"
    debug "2.2.0"
    regexp-clone "0.0.1"
    sliced "0.0.5"

ms@0.7.1:
  version "0.7.1"
  resolved "https://registry.yarnpkg.com/ms/-/ms-0.7.1.tgz#9cd13c03adbff25b65effde7ce864ee952017098"

ms@0.7.2:
  version "0.7.2"
  resolved "https://registry.yarnpkg.com/ms/-/ms-0.7.2.tgz#ae25cf2512b3885a1d95d7f037868d8431124765"

muri@1.2.1:
  version "1.2.1"
  resolved "https://registry.yarnpkg.com/muri/-/muri-1.2.1.tgz#ec7ea5ce6ca6a523eb1ab35bacda5fa816c9aa3c"

node-fingerprint@0.0.2:
  version "0.0.2"
  resolved "https://registry.yarnpkg.com/node-fingerprint/-/node-fingerprint-0.0.2.tgz#31cbabeb71a67ae7dd5a7dc042e51c3c75868501"

numric@^0.8.0:
  version "0.8.0"
  resolved "https://registry.yarnpkg.com/numric/-/numric-0.8.0.tgz#29187499535ca2c1fc4adf298f86a0e8ee23f114"
  dependencies:
    babel-runtime "^6.23.0"
    protype "^0.17.0"
    truly "^0.13.0"

offcache@^0.5.0:
  version "0.5.0"
  resolved "https://registry.yarnpkg.com/offcache/-/offcache-0.5.0.tgz#6c600d05f46738db08615dcc6bfbfc9377f3b3be"
  dependencies:
    clazof "^0.12.0"
    falze "^0.11.0"
    protype "^0.17.0"

olivant@^0.20.0:
  version "0.20.0"
  resolved "https://registry.yarnpkg.com/olivant/-/olivant-0.20.0.tgz#0046c4f7a2da954cfd0d4a97a4d82749a7100864"
  dependencies:
    arid "^0.15.0"
    asea "^0.10.0"
    babel-runtime "^6.23.0"
    blacksea "^0.8.0"
    bluesea "^0.2.0"
    budge "^0.14.0"
    called "^0.14.0"
    chalk "^1.1.3"
    clazof "^0.12.0"
    dexist "^0.6.0"
    diatom "^0.13.0"
    doubt "^0.17.0"
    ethernity "^0.12.0"
    falze "^0.11.0"
    falzy "^0.13.0"
    filled "^0.11.0"
    glucose "^0.13.0"
    harden "^0.16.0"
    heredito "^0.21.0"
    kein "^0.10.0"
    longjohn "^0.2.12"
    meek "^0.8.0"
    outre "^0.9.0"
    plough "^0.14.0"
    protype "^0.17.0"
    raze "^0.19.0"
    redsea "^0.7.0"
    segway "^0.11.0"
    snapd "^0.15.0"
    stack-trace "^0.0.9"
    symbiote "^0.10.0"
    truly "^0.13.0"
    truu "^0.12.0"
    u200b "^0.15.0"

optall@^0.11.0:
  version "0.11.0"
  resolved "https://registry.yarnpkg.com/optall/-/optall-0.11.0.tgz#104750e54f128064d36d70a57e387c863bbaed21"
  dependencies:
    babel-runtime "^6.23.0"
    doubt "^0.17.0"
    falze "^0.11.0"
    harden "^0.16.0"
    protype "^0.17.0"
    pyck "^0.15.0"
    zelf "^0.8.0"

optfor@^0.16.0:
  version "0.16.0"
  resolved "https://registry.yarnpkg.com/optfor/-/optfor-0.16.0.tgz#6d3339e0fef2df79ec805981d9dc10f52e19c931"
  dependencies:
    babel-runtime "^6.23.0"
    doubt "^0.17.0"
    falze "^0.11.0"
    harden "^0.16.0"
    optall "^0.11.0"
    protype "^0.17.0"
    zelf "^0.8.0"

optimist@^0.6.1:
  version "0.6.1"
  resolved "https://registry.yarnpkg.com/optimist/-/optimist-0.6.1.tgz#da3ea74686fa21a19a111c326e90eb15a0196686"
  dependencies:
    minimist "~0.0.1"
    wordwrap "~0.0.2"

outre@^0.9.0:
  version "0.9.0"
  resolved "https://registry.yarnpkg.com/outre/-/outre-0.9.0.tgz#970a1755bff841fab7db0000d4a5290fa707262c"
  dependencies:
    babel-runtime "^6.22.0"
    doubt "^0.14.0"
    harden "^0.14.0"
    protype "^0.15.0"
    truly "^0.11.0"

parseon@^0.4.0:
  version "0.4.0"
  resolved "https://registry.yarnpkg.com/parseon/-/parseon-0.4.0.tgz#ac438f76d86962633c5fcf74b592a1c830dbf01c"
  dependencies:
    babel-runtime "^6.23.0"
    circular-json "^0.3.1"
    krumb "^0.2.0"
    protype "^0.17.0"

pedon@^0.7.0:
  version "0.7.0"
  resolved "https://registry.yarnpkg.com/pedon/-/pedon-0.7.0.tgz#9f56bd601d9708083882f47a37f38d38eed3c5e5"
  dependencies:
    cobralize "^0.8.0"
    harden "^0.16.0"
    protype "^0.17.0"
    shardize "^0.9.0"

plough@^0.14.0:
  version "0.14.0"
  resolved "https://registry.yarnpkg.com/plough/-/plough-0.14.0.tgz#b10f13d2e4658bfdc329e03a017a4a5e49a49ca8"
  dependencies:
    arid "^0.15.0"
    babel-runtime "^6.23.0"
    decrease "^0.12.0"
    doubt "^0.17.0"
    harden "^0.16.0"
    raze "^0.19.0"

pringe@^0.3.0:
  version "0.3.0"
  resolved "https://registry.yarnpkg.com/pringe/-/pringe-0.3.0.tgz#1e899262ce2cc98d2755b432e7878d024021a7bb"
  dependencies:
    babel-runtime "^6.23.0"
    kurse "^0.7.0"
    plough "^0.14.0"
    sxty4 "^0.6.0"
    truly "^0.13.0"
    zelf "^0.8.0"

pringe@^0.4.0:
  version "0.4.0"
  resolved "https://registry.yarnpkg.com/pringe/-/pringe-0.4.0.tgz#fe44f845cce6da2e2acef8d30234922063099c4e"
  dependencies:
    babel-runtime "^6.23.0"
    kurse "^0.7.0"
    plough "^0.14.0"
    sxty4 "^0.6.0"
    truly "^0.13.0"
    zelf "^0.8.0"

process-nextick-args@~1.0.6:
  version "1.0.7"
  resolved "https://registry.yarnpkg.com/process-nextick-args/-/process-nextick-args-1.0.7.tgz#150e20b756590ad3f91093f25a4f2ad8bff30ba3"

proplist@^0.10.0:
  version "0.10.0"
  resolved "https://registry.yarnpkg.com/proplist/-/proplist-0.10.0.tgz#93ab5dbe4d81db20cdb2990824cf165fb87ac4c7"
  dependencies:
    babel-runtime "^6.23.0"
    meto "^0.9.0"

protease@^0.9.0:
  version "0.9.0"
  resolved "https://registry.yarnpkg.com/protease/-/protease-0.9.0.tgz#b52bd7b0d22b62407e0d4fdecf63d7e3c3c3aea2"
  dependencies:
    babel-runtime "^6.23.0"
    falzy "^0.13.0"
    harden "^0.16.0"
    kein "^0.10.0"
    protype "^0.17.0"

protype@^0.15.0:
  version "0.15.0"
  resolved "https://registry.yarnpkg.com/protype/-/protype-0.15.0.tgz#6cb05c750b098760dd268f0c21bae6339aa7d38d"
  dependencies:
    babel-runtime "^6.22.0"
    cemento "^0.8.0"
    harden "^0.14.0"

protype@^0.17.0:
  version "0.17.0"
  resolved "https://registry.yarnpkg.com/protype/-/protype-0.17.0.tgz#40589ea6e1a20d9b537fa0d9f035ad40c4e5b91d"
  dependencies:
    babel-runtime "^6.23.0"
    cemento "^0.11.0"
    harden "^0.16.0"

pyck@^0.14.0:
  version "0.14.0"
  resolved "https://registry.yarnpkg.com/pyck/-/pyck-0.14.0.tgz#652f616ca0cf8e9be0da7732fb966fa8ec309720"
  dependencies:
    babel-runtime "^6.23.0"
    clazof "^0.12.0"
    doubt "^0.17.0"
    falzy "^0.13.0"
    harden "^0.16.0"
    protype "^0.17.0"
    raze "^0.19.0"
    truly "^0.13.0"
    zelf "^0.8.0"

pyck@^0.15.0:
  version "0.15.0"
  resolved "https://registry.yarnpkg.com/pyck/-/pyck-0.15.0.tgz#cd5359596c4d0f2516b1c67eaae426363f6ff71c"
  dependencies:
    babel-runtime "^6.23.0"
    clazof "^0.12.0"
    doubt "^0.17.0"
    falzy "^0.13.0"
    harden "^0.16.0"
    protype "^0.17.0"
    raze "^0.19.0"
    truly "^0.13.0"
    zelf "^0.8.0"

raze@^0.19.0:
  version "0.19.0"
  resolved "https://registry.yarnpkg.com/raze/-/raze-0.19.0.tgz#9656446f96cc8c7935e414c9b883aca398f23294"
  dependencies:
    babel-runtime "^6.23.0"
    doubt "^0.17.0"
    harden "^0.16.0"

readable-stream@2.1.5:
  version "2.1.5"
  resolved "https://registry.yarnpkg.com/readable-stream/-/readable-stream-2.1.5.tgz#66fa8b720e1438b364681f2ad1a63c618448c9d0"
  dependencies:
    buffer-shims "^1.0.0"
    core-util-is "~1.0.0"
    inherits "~2.0.1"
    isarray "~1.0.0"
    process-nextick-args "~1.0.6"
    string_decoder "~0.10.x"
    util-deprecate "~1.0.1"

realign@^0.7.0:
  version "0.7.0"
  resolved "https://registry.yarnpkg.com/realign/-/realign-0.7.0.tgz#7b0c7005f8ae705f84ef971395863f7d6f1c1050"
  dependencies:
    babel-runtime "^6.23.0"
    falzy "^0.13.0"
    harden "^0.16.0"
    protype "^0.17.0"
    truly "^0.13.0"

redsea@^0.7.0:
  version "0.7.0"
  resolved "https://registry.yarnpkg.com/redsea/-/redsea-0.7.0.tgz#b48d927dac3d220966a1f776ce8b6fc83de3ad22"
  dependencies:
    clazof "^0.12.0"
    exorcise "^0.7.0"
    falzy "^0.13.0"
    harden "^0.16.0"
    protype "^0.17.0"
    snapd "^0.14.0"

regenerator-runtime@^0.10.0:
  version "0.10.3"
  resolved "https://registry.yarnpkg.com/regenerator-runtime/-/regenerator-runtime-0.10.3.tgz#8c4367a904b51ea62a908ac310bf99ff90a82a3e"

regexp-clone@0.0.1:
  version "0.0.1"
  resolved "https://registry.yarnpkg.com/regexp-clone/-/regexp-clone-0.0.1.tgz#a7c2e09891fdbf38fbb10d376fb73003e68ac589"

repeat-string@^1.5.2:
  version "1.6.1"
  resolved "https://registry.yarnpkg.com/repeat-string/-/repeat-string-1.6.1.tgz#8dcae470e1c88abc2d600fff4a776286da75e637"

require_optional@~1.0.0:
  version "1.0.0"
  resolved "https://registry.yarnpkg.com/require_optional/-/require_optional-1.0.0.tgz#52a86137a849728eb60a55533617f8f914f59abf"
  dependencies:
    resolve-from "^2.0.0"
    semver "^5.1.0"

resolve-from@^2.0.0:
  version "2.0.0"
  resolved "https://registry.yarnpkg.com/resolve-from/-/resolve-from-2.0.0.tgz#9480ab20e94ffa1d9e80a804c7ea147611966b57"

right-align@^0.1.1:
  version "0.1.3"
  resolved "https://registry.yarnpkg.com/right-align/-/right-align-0.1.3.tgz#61339b722fe6a3515689210d24e14c96148613ef"
  dependencies:
    align-text "^0.1.1"

segway@^0.11.0:
  version "0.11.0"
  resolved "https://registry.yarnpkg.com/segway/-/segway-0.11.0.tgz#bed57e1684984dd536024958d2d250c3e98b057f"
  dependencies:
    asea "^0.10.0"
    babel-runtime "^6.23.0"
    calcify "^0.5.0"
    clazof "^0.12.0"
    falze "^0.11.0"
    falzy "^0.13.0"
    lilfy "^0.8.0"
    protype "^0.17.0"
    truly "^0.13.0"
    truu "^0.12.0"

semver@^5.1.0:
  version "5.3.0"
  resolved "https://registry.yarnpkg.com/semver/-/semver-5.3.0.tgz#9b2ce5d3de02d17c6012ad326aa6b4d0cf54f94f"

shardize@^0.9.0:
  version "0.9.0"
  resolved "https://registry.yarnpkg.com/shardize/-/shardize-0.9.0.tgz#692188009e50378286eba2770141a4bb52111790"
  dependencies:
    babel-runtime "^6.23.0"
    disdo "^0.8.0"
    falzy "^0.13.0"
    protype "^0.17.0"

sliced@0.0.5:
  version "0.0.5"
  resolved "https://registry.yarnpkg.com/sliced/-/sliced-0.0.5.tgz#5edc044ca4eb6f7816d50ba2fc63e25d8fe4707f"

sliced@1.0.1:
  version "1.0.1"
  resolved "https://registry.yarnpkg.com/sliced/-/sliced-1.0.1.tgz#0b3a662b5d04c3177b1926bea82b03f837a2ef41"

snapd@^0.14.0:
  version "0.14.0"
  resolved "https://registry.yarnpkg.com/snapd/-/snapd-0.14.0.tgz#1845f3ee243b4aac448db694a866399403f3115d"
  dependencies:
    asea "^0.10.0"
    babel-runtime "^6.23.0"
    budge "^0.13.0"
    harden "^0.16.0"
    impel "^0.6.0"
    kein "^0.10.0"
    letgo "^0.18.0"
    pringe "^0.3.0"
    protype "^0.17.0"
    truly "^0.13.0"
    zelf "^0.8.0"

snapd@^0.15.0:
  version "0.15.0"
  resolved "https://registry.yarnpkg.com/snapd/-/snapd-0.15.0.tgz#920a93ce1ab3e219fe0788233ee5ac119750f949"
  dependencies:
    asea "^0.10.0"
    babel-runtime "^6.23.0"
    budge "^0.14.0"
    harden "^0.16.0"
    impel "^0.7.0"
    kein "^0.10.0"
    letgo "^0.19.0"
    pringe "^0.4.0"
    protype "^0.17.0"
    truly "^0.13.0"
    zelf "^0.8.0"

"source-map-support@0.3.2 - 1.0.0":
  version "0.4.11"
  resolved "https://registry.yarnpkg.com/source-map-support/-/source-map-support-0.4.11.tgz#647f939978b38535909530885303daf23279f322"
  dependencies:
    source-map "^0.5.3"

source-map@^0.4.4:
  version "0.4.4"
  resolved "https://registry.yarnpkg.com/source-map/-/source-map-0.4.4.tgz#eba4f5da9c0dc999de68032d8b4f76173652036b"
  dependencies:
    amdefine ">=0.0.4"

source-map@^0.5.3, source-map@~0.5.1:
  version "0.5.6"
  resolved "https://registry.yarnpkg.com/source-map/-/source-map-0.5.6.tgz#75ce38f52bf0733c5a7f0c118d81334a2bb5f412"

stack-trace@^0.0.9:
  version "0.0.9"
  resolved "https://registry.yarnpkg.com/stack-trace/-/stack-trace-0.0.9.tgz#a8f6eaeca90674c333e7c43953f275b451510695"

string_decoder@~0.10.x:
  version "0.10.31"
  resolved "https://registry.yarnpkg.com/string_decoder/-/string_decoder-0.10.31.tgz#62e203bc41766c6c28c9fc84301dab1c5310fa94"

strip-ansi@^3.0.0:
  version "3.0.1"
  resolved "https://registry.yarnpkg.com/strip-ansi/-/strip-ansi-3.0.1.tgz#6a385fb8853d952d5ff05d0e8aaf94278dc63dcf"
  dependencies:
    ansi-regex "^2.0.0"

stuffed@^0.12.0:
  version "0.12.0"
  resolved "https://registry.yarnpkg.com/stuffed/-/stuffed-0.12.0.tgz#b56fce554265f23c273db95d242b87b1424cf03c"
  dependencies:
    babel-runtime "^6.23.0"
    doubt "^0.17.0"
    kount "^0.9.0"
    protype "^0.17.0"
    truly "^0.13.0"

supports-color@^2.0.0:
  version "2.0.0"
  resolved "https://registry.yarnpkg.com/supports-color/-/supports-color-2.0.0.tgz#535d045ce6b6363fa40117084629995e9df324c7"

sxty4@^0.6.0:
  version "0.6.0"
  resolved "https://registry.yarnpkg.com/sxty4/-/sxty4-0.6.0.tgz#4244e2410e89f698c313c1d220f361f501e36932"
  dependencies:
    asea "^0.10.0"
    babel-runtime "^6.23.0"
    falzy "^0.13.0"
    harden "^0.16.0"
    protype "^0.17.0"

symbiote@^0.10.0:
  version "0.10.0"
  resolved "https://registry.yarnpkg.com/symbiote/-/symbiote-0.10.0.tgz#fa8cfbbf60d2038067c1af73828d7ac800386bf1"
  dependencies:
    babel-runtime "^6.23.0"
    harden "^0.16.0"
    protype "^0.17.0"
    raze "^0.19.0"

titlelize@^0.9.0:
  version "0.9.0"
  resolved "https://registry.yarnpkg.com/titlelize/-/titlelize-0.9.0.tgz#5ed02e7119e4a49886eb6e49e2d2ba08b51cf082"
  dependencies:
    babel-runtime "^6.23.0"
    disdo "^0.8.0"
    falzy "^0.13.0"
    harden "^0.16.0"
    protype "^0.17.0"

transpher@^0.10.0:
  version "0.10.0"
  resolved "https://registry.yarnpkg.com/transpher/-/transpher-0.10.0.tgz#f4d8775ddcae46ee3a589e32b4051bf05cfce32b"
  dependencies:
    ate "^0.11.0"
    babel-runtime "^6.23.0"
    depher "^0.16.0"
    falzy "^0.13.0"
    kein "^0.10.0"

transpher@^0.9.0:
  version "0.9.0"
  resolved "https://registry.yarnpkg.com/transpher/-/transpher-0.9.0.tgz#f399a4079c1f08ae5e3fe9794d78527c0b1edab9"
  dependencies:
    ate "^0.10.0"
    babel-runtime "^6.23.0"
    depher "^0.15.0"
    falzy "^0.13.0"
    kein "^0.10.0"

truly@^0.11.0:
  version "0.11.0"
  resolved "https://registry.yarnpkg.com/truly/-/truly-0.11.0.tgz#7465f07bbf0ffec1566458fdc71f37cf3ec54170"
  dependencies:
    babel-runtime "^6.22.0"
    protype "^0.15.0"

truly@^0.13.0:
  version "0.13.0"
  resolved "https://registry.yarnpkg.com/truly/-/truly-0.13.0.tgz#9c783a4b3db712cb2d18a89bd86bc8e50a7f08f6"
  dependencies:
    babel-runtime "^6.23.0"
    protype "^0.17.0"

truu@^0.12.0:
  version "0.12.0"
  resolved "https://registry.yarnpkg.com/truu/-/truu-0.12.0.tgz#fcaf17f9c58fc319190b5024d4d892b49f7c3a18"
  dependencies:
    babel-runtime "^6.23.0"
    doubt "^0.17.0"
    filled "^0.11.0"
    protype "^0.17.0"
    stuffed "^0.12.0"
    truly "^0.13.0"

u200b@^0.15.0:
  version "0.15.0"
  resolved "https://registry.yarnpkg.com/u200b/-/u200b-0.15.0.tgz#1b834b8562c721a0c860be25b2479f16cf6eb96f"
  dependencies:
    arid "^0.15.0"
    babel-runtime "^6.23.0"
    clazof "^0.12.0"
    diatom "^0.13.0"
    harden "^0.16.0"
    optfor "^0.16.0"
    plough "^0.14.0"
    protype "^0.17.0"
    truly "^0.13.0"

uglify-js@^2.6:
  version "2.7.5"
  resolved "https://registry.yarnpkg.com/uglify-js/-/uglify-js-2.7.5.tgz#4612c0c7baaee2ba7c487de4904ae122079f2ca8"
  dependencies:
    async "~0.2.6"
    source-map "~0.5.1"
    uglify-to-browserify "~1.0.0"
    yargs "~3.10.0"

uglify-to-browserify@~1.0.0:
  version "1.0.2"
  resolved "https://registry.yarnpkg.com/uglify-to-browserify/-/uglify-to-browserify-1.0.2.tgz#6e0924d6bda6b5afe349e39a6d632850a0f882b7"

util-deprecate@~1.0.1:
  version "1.0.2"
  resolved "https://registry.yarnpkg.com/util-deprecate/-/util-deprecate-1.0.2.tgz#450d4dc9fa70de732762fbd2d4a28981419a0ccf"

wauker@^0.1.0:
  version "0.1.0"
  resolved "https://registry.yarnpkg.com/wauker/-/wauker-0.1.0.tgz#d496bb5f8ed6c4ccd28679a8a6e1979f393e65d0"
  dependencies:
    babel-runtime "^6.23.0"
    een "^0.7.0"
    falzy "^0.13.0"
    protease "^0.9.0"
    protype "^0.17.0"

window-size@0.1.0:
  version "0.1.0"
  resolved "https://registry.yarnpkg.com/window-size/-/window-size-0.1.0.tgz#5438cd2ea93b202efa3a19fe8887aee7c94f9c9d"

wordwrap@0.0.2:
  version "0.0.2"
  resolved "https://registry.yarnpkg.com/wordwrap/-/wordwrap-0.0.2.tgz#b79669bb42ecb409f83d583cad52ca17eaa1643f"

wordwrap@~0.0.2:
  version "0.0.3"
  resolved "https://registry.yarnpkg.com/wordwrap/-/wordwrap-0.0.3.tgz#a3d5da6cd5c0bc0008d37234bbaf1bed63059107"

yargs@~3.10.0:
  version "3.10.0"
  resolved "https://registry.yarnpkg.com/yargs/-/yargs-3.10.0.tgz#f7ee7bd857dd7c1d2d38c0e74efbd681d1431fd1"
  dependencies:
    camelcase "^1.0.2"
    cliui "^2.1.0"
    decamelize "^1.0.0"
    window-size "0.1.0"

zelf@^0.8.0:
  version "0.8.0"
  resolved "https://registry.yarnpkg.com/zelf/-/zelf-0.8.0.tgz#0b024f4ba39ae41912b76e1ce175327e9383e39c"
  dependencies:
    asea "^0.10.0"
    babel-runtime "^6.23.0"
